
Microsoft Visual Studio Solution File, Format Version 12.00
# Visual Studio 14
VisualStudioVersion = 14.0.25123.0
MinimumVisualStudioVersion = 10.0.40219.1
Project("{2150E333-8FDC-42A3-9474-1A3956D46DE8}") = "Persistence", "Persistence", "{2914F4AD-4661-4C73-ADB6-B1D91C11C569}"
EndProject
Project("{2150E333-8FDC-42A3-9474-1A3956D46DE8}") = "Core", "Core", "{3D1B75E7-2CFB-4FA6-92A0-F91EB884D0E4}"
EndProject
Project("{FAE04EC0-301F-11D3-BF4B-00C04F79EFBC}") = "OpenIZ.Core", "OpenIZ.Core\OpenIZ.Core.csproj", "{DB9BC05E-45F1-4F96-A161-F36BDECAF566}"
EndProject
Project("{FAE04EC0-301F-11D3-BF4B-00C04F79EFBC}") = "OpenIZ.Persistence.Data.MSSQL", "OpenIZ.Persistence.Data.MSSQL\OpenIZ.Persistence.Data.MSSQL.csproj", "{C4E96DB4-D4FA-4703-A3FD-5D9C30DFBB1E}"
EndProject
Project("{FAE04EC0-301F-11D3-BF4B-00C04F79EFBC}") = "OpenIZ.Persistence.Data.MSSQL.Test", "OpenIZ.Persistence.Data.MSSQL.Test\OpenIZ.Persistence.Data.MSSQL.Test.csproj", "{8659C41C-1EC5-4398-938A-2E7011C32646}"
EndProject
Project("{FAE04EC0-301F-11D3-BF4B-00C04F79EFBC}") = "OpenIZ", "OpenIZ\OpenIZ.csproj", "{649B7C70-EC21-4AC4-B918-C34C84753126}"
EndProject
Project("{2150E333-8FDC-42A3-9474-1A3956D46DE8}") = "Messaging", "Messaging", "{A1C82EDF-C27A-4A7A-A186-09E88BF63F36}"
EndProject
Project("{FAE04EC0-301F-11D3-BF4B-00C04F79EFBC}") = "OpenIZ.Messaging.IMSI", "OpenIZ.Messaging.IMSI\OpenIZ.Messaging.IMSI.csproj", "{04E3C581-5A04-4691-82AC-F339947FCE75}"
EndProject
Project("{FAE04EC0-301F-11D3-BF4B-00C04F79EFBC}") = "OpenIZ.Core.Model", "OpenIZ.Core.Model\OpenIZ.Core.Model.csproj", "{F1A82A4F-4A57-47D7-AE76-444C8A4FF54A}"
EndProject
Project("{FAE04EC0-301F-11D3-BF4B-00C04F79EFBC}") = "OpenIZ.Messaging.IMSI.Test", "OpenIZ.Messaging.IMSI.Test\OpenIZ.Messaging.IMSI.Test.csproj", "{B25778DB-97DA-4BA1-BF77-72838658B148}"
EndProject
Project("{2150E333-8FDC-42A3-9474-1A3956D46DE8}") = "Auth", "Auth", "{0EE3D33B-99BE-4BED-A19C-93FD5086C60E}"
EndProject
Project("{FAE04EC0-301F-11D3-BF4B-00C04F79EFBC}") = "OpenIZ.Authentication.OAuth2", "OpenIZ.Authentication.AccessControlService\OpenIZ.Authentication.OAuth2.csproj", "{A3975C6F-4FDB-43BE-81AB-3357B86173F1}"
EndProject
Project("{FAE04EC0-301F-11D3-BF4B-00C04F79EFBC}") = "OpenIZ.Messaging.AMI", "OpenIZ.Messaging.AMI\OpenIZ.Messaging.AMI.csproj", "{D882323C-2BC9-4A1D-B70F-D833CF2E91A1}"
EndProject
Project("{FAE04EC0-301F-11D3-BF4B-00C04F79EFBC}") = "OpenIZ.Core.Applets", "OpenIZ.Core.Applets\OpenIZ.Core.Applets.csproj", "{39E61451-F4FE-493D-B754-5F06EB284AAC}"
EndProject
Project("{FAE04EC0-301F-11D3-BF4B-00C04F79EFBC}") = "OpenIZ.Core.Applets.Test", "OpenIZ.Core.Applets.Test\OpenIZ.Core.Applets.Test.csproj", "{F322715B-FBAD-4C8C-B523-AA723490C05E}"
EndProject
Project("{FAE04EC0-301F-11D3-BF4B-00C04F79EFBC}") = "OpenIZ.Messaging.IMSI.Client", "OpenIZ.Messaging.IMSI.Client\OpenIZ.Messaging.IMSI.Client.csproj", "{C222B929-6E9E-4B2E-A98E-CC23EE681047}"
EndProject
Project("{FAE04EC0-301F-11D3-BF4B-00C04F79EFBC}") = "OpenIZ.Core.PCL", "OpenIZ.Core.PCL\OpenIZ.Core.PCL.csproj", "{3A45F695-47A2-464C-ACE6-BDABBFA39FBC}"
EndProject
Project("{2150E333-8FDC-42A3-9474-1A3956D46DE8}") = "Util", "Util", "{AF52F0A3-6A45-4666-B973-80BE0159FAA2}"
EndProject
Project("{FAE04EC0-301F-11D3-BF4B-00C04F79EFBC}") = "OpenIZ.Caching.Memory", "OpenIZ.Caching.Memory\OpenIZ.Caching.Memory.csproj", "{8553ABC7-ABFA-4A21-B0E8-68B7DE76129D}"
EndProject
Project("{FAE04EC0-301F-11D3-BF4B-00C04F79EFBC}") = "OpenIZ.Caching.Memory.Test", "OpenIZ.Caching.Memory.Test\OpenIZ.Caching.Memory.Test.csproj", "{B09A6D4C-862C-4B5B-9C05-4160ED7CCA4A}"
EndProject
Project("{FAE04EC0-301F-11D3-BF4B-00C04F79EFBC}") = "OpenIZ.Messaging.AMI.Client", "OpenIZ.Messaging.AMI.Client\OpenIZ.Messaging.AMI.Client.csproj", "{0FDBD4DB-30AE-4E1D-AAE1-5FE1370DCE3F}"
EndProject
Project("{2150E333-8FDC-42A3-9474-1A3956D46DE8}") = "DecisionSupport", "DecisionSupport", "{0031AF94-A1A4-415B-BEB2-D5D757985D86}"
EndProject
Project("{FAE04EC0-301F-11D3-BF4B-00C04F79EFBC}") = "OpenIZ.Protocol.Xml.Test", "OpenIZ.Protocol.Xml.Test\OpenIZ.Protocol.Xml.Test.csproj", "{F17BD798-699C-4558-AE75-F2AC97B52E86}"
EndProject
Project("{FAE04EC0-301F-11D3-BF4B-00C04F79EFBC}") = "OizDevTool", "DatasetTool\OizDevTool.csproj", "{F51377FB-1E69-40BD-884B-6BB311CB9B0E}"
EndProject
Project("{FAE04EC0-301F-11D3-BF4B-00C04F79EFBC}") = "OpenIZ.Messaging.FHIR", "OpenIZ.Messaging.FHIR\OpenIZ.Messaging.FHIR.csproj", "{33836324-C699-4139-AB9C-7524570A04D5}"
EndProject
Project("{FAE04EC0-301F-11D3-BF4B-00C04F79EFBC}") = "OpenIZ.Messaging.HL7", "OpenIZ.Messaging.HL7\OpenIZ.Messaging.HL7.csproj", "{8F1714CE-CCCE-4EF9-8F2F-B8223D35FDB8}"
EndProject
Project("{2150E333-8FDC-42A3-9474-1A3956D46DE8}") = "AMI", "AMI", "{AACFE53B-5638-4142-841E-A4200086E6B8}"
EndProject
Project("{FAE04EC0-301F-11D3-BF4B-00C04F79EFBC}") = "OpenIZ.Core.Model.AMI", "OpenIZ.Core.Model.AMI\OpenIZ.Core.Model.AMI.csproj", "{65EF51C6-5CB8-43B8-AE65-4A68F0B44AD2}"
EndProject
Project("{FAE04EC0-301F-11D3-BF4B-00C04F79EFBC}") = "OpenIZ.Messaging.RISI", "OpenIZ.Messaging.RISI\OpenIZ.Messaging.RISI.csproj", "{265614D8-DF9D-4AC8-BB31-8766A0B0CA20}"
EndProject
Project("{FAE04EC0-301F-11D3-BF4B-00C04F79EFBC}") = "OpenIZ.Messaging.RISI.Client", "OpenIZ.Messaging.RISI.Client\OpenIZ.Messaging.RISI.Client.csproj", "{4F5D3E16-3FAB-4244-B3F0-98983E6C6F69}"
EndProject
Project("{FAE04EC0-301F-11D3-BF4B-00C04F79EFBC}") = "OpenIZ.Core.Alert", "OpenIZ.Core.Alert\OpenIZ.Core.Alert.csproj", "{CCEAA09F-7B59-45EC-B969-3A740C2AEBAA}"
EndProject
Project("{2150E333-8FDC-42A3-9474-1A3956D46DE8}") = "IMSI", "IMSI", "{28D088E0-01AF-4DEF-BA96-25A670D2E153}"
EndProject
Project("{2150E333-8FDC-42A3-9474-1A3956D46DE8}") = "Interop", "Interop", "{034029A9-C588-4CD7-9FF3-69CD4F82DB8E}"
EndProject
Project("{2150E333-8FDC-42A3-9474-1A3956D46DE8}") = "RISI", "RISI", "{05B134E7-8762-4F4D-8441-91E10F6FAB72}"
EndProject
Project("{2150E333-8FDC-42A3-9474-1A3956D46DE8}") = "Caching", "Caching", "{8884281D-262F-4EFF-B379-DE674E03A802}"
EndProject
Project("{2150E333-8FDC-42A3-9474-1A3956D46DE8}") = "MSSQL", "MSSQL", "{BD7BD6A4-A76C-4D72-BA99-D04F385BE4B1}"
EndProject
Project("{FAE04EC0-301F-11D3-BF4B-00C04F79EFBC}") = "OpenIZ.Messaging.HL7.Test", "OpenIZ.Messaging.HL7.Test\OpenIZ.Messaging.HL7.Test.csproj", "{09033283-267F-49DE-AAAF-0B54C749D1A1}"
EndProject
Project("{2150E333-8FDC-42A3-9474-1A3956D46DE8}") = "Diagnostics", "Diagnostics", "{1287B457-DF5C-4381-BD3E-A66524519BB9}"
EndProject
Project("{FAE04EC0-301F-11D3-BF4B-00C04F79EFBC}") = "OpenIZ.Persistence.Diagnostics.Jira", "OpenIZ.Persistence.Diagnostics.Jira\OpenIZ.Persistence.Diagnostics.Jira.csproj", "{18A9F102-023E-4E17-8A70-A91365E1510D}"
EndProject
Project("{2150E333-8FDC-42A3-9474-1A3956D46DE8}") = "Security", "Security", "{E512EAF6-9A58-4D1C-8A46-C2D5C6CD793B}"
EndProject
Project("{FAE04EC0-301F-11D3-BF4B-00C04F79EFBC}") = "OpenIZ.Core.Security.Tfa.Email", "OpenIZ.Core.Security.Tfa.Email\OpenIZ.Core.Security.Tfa.Email.csproj", "{23699F04-DA75-4889-AA00-7F6F4B5FCFBB}"
EndProject
Project("{FAE04EC0-301F-11D3-BF4B-00C04F79EFBC}") = "OpenIZ.Core.Security.Tfa.Twilio", "OpenIZ.Core.Security.Tfa.Twilio\OpenIZ.Core.Security.Tfa.Twilio.csproj", "{5A60D6E2-72DD-478A-91A6-E928208CA1BA}"
EndProject
Project("{FAE04EC0-301F-11D3-BF4B-00C04F79EFBC}") = "OpenIZ.BusinessRules.JavaScript", "OpenIZ.BusinessRules.JavaScript\OpenIZ.BusinessRules.JavaScript.csproj", "{3BFD6EE6-0267-4D82-BE7D-9B48B2F6F3D4}"
EndProject
Project("{FAE04EC0-301F-11D3-BF4B-00C04F79EFBC}") = "OpenIZ.BusinessRules.JavaScript.Test", "OpenIZ.BusinessRules.JavaScript.Test\OpenIZ.BusinessRules.JavaScript.Test.csproj", "{6AFCADBB-4505-43FD-A1BA-ED7DBC1BB232}"
EndProject
Project("{FAE04EC0-301F-11D3-BF4B-00C04F79EFBC}") = "OpenIZ.Protocol.Xml", "OpenIZ.Protocol.Xml\OpenIZ.Protocol.Xml.csproj", "{CAD6BCB7-758B-4AA4-A5FE-A9FAB8A4CF2F}"
EndProject
Project("{FAE04EC0-301F-11D3-BF4B-00C04F79EFBC}") = "OpenIZ.Core.Model.ViewModelSerializers", "OpenIZ.Core.Model.ViewModelSerializers\OpenIZ.Core.Model.ViewModelSerializers.csproj", "{ECE9B280-9647-4092-BABF-EB2E25084670}"
EndProject
Project("{2150E333-8FDC-42A3-9474-1A3956D46DE8}") = "Tests", "Tests", "{99AD151E-E03D-44CD-92A1-B0697F0E9777}"
EndProject
Project("{FAE04EC0-301F-11D3-BF4B-00C04F79EFBC}") = "OpenIZ.Core.PCL.Test", "OpenIZ.Core.PCL.Test\OpenIZ.Core.PCL.Test.csproj", "{59B5E3BE-790E-451F-BACA-631369CF535C}"
EndProject
Project("{FAE04EC0-301F-11D3-BF4B-00C04F79EFBC}") = "OpenIZ.Messaging.GS1", "OpenIZ.Messaging.GS1\OpenIZ.Messaging.GS1.csproj", "{EBF0386E-B082-47C3-9E2A-AB228E2035B3}"
EndProject
Project("{FAE04EC0-301F-11D3-BF4B-00C04F79EFBC}") = "OpenIZ.Core.Model.RISI", "OpenIZ.Core.Model.RISI\OpenIZ.Core.Model.RISI.csproj", "{F3D2FA84-C398-4390-9834-1272CC2D6F89}"
EndProject
Project("{FAE04EC0-301F-11D3-BF4B-00C04F79EFBC}") = "OpenIZ.Reporting.Jasper", "OpenIZ.Reporting.Jasper\OpenIZ.Reporting.Jasper.csproj", "{5E587D57-FBB9-4064-9444-47B40C4BAD8F}"
EndProject
Project("{FAE04EC0-301F-11D3-BF4B-00C04F79EFBC}") = "OpenIZ.Reporting.Core", "OpenIZ.Reporting.Core\OpenIZ.Reporting.Core.csproj", "{F2B51AC4-4710-4B45-8BF7-E480F375FC90}"
EndProject
Project("{2150E333-8FDC-42A3-9474-1A3956D46DE8}") = "Reporting", "Reporting", "{9983DFE5-1223-4E66-AF85-F592347655A4}"
EndProject
Project("{2150E333-8FDC-42A3-9474-1A3956D46DE8}") = "ADO.NET", "ADO.NET", "{219B42C9-D256-44A4-AB99-C0B31E0DDACA}"
EndProject
Project("{FAE04EC0-301F-11D3-BF4B-00C04F79EFBC}") = "OpenIZ.Persistence.Reporting.PSQL", "OpenIZ.Persistence.Reporting.PSQL\OpenIZ.Persistence.Reporting.PSQL.csproj", "{AA364BAC-BA47-4548-BD4B-31C0A73277B7}"
EndProject
Project("{FAE04EC0-301F-11D3-BF4B-00C04F79EFBC}") = "OpenIZ.Persistence.Data.ADO", "OpenIZ.Persistence.Data.ADO\OpenIZ.Persistence.Data.ADO.csproj", "{F38ED54C-E4E4-499A-882E-736289F332C0}"
EndProject
Project("{FAE04EC0-301F-11D3-BF4B-00C04F79EFBC}") = "OpenIZ.Persistence.Data.ADO.Test", "OpenIZ.Persistence.Data.ADO.Test\OpenIZ.Persistence.Data.ADO.Test.csproj", "{11407ADB-E336-4C0C-AF8E-EA6B601BA69E}"
EndProject
Project("{FAE04EC0-301F-11D3-BF4B-00C04F79EFBC}") = "OpenIZ.OrmLite", "OpenIZ.OrmLite\OpenIZ.OrmLite.csproj", "{407C87E6-A1F3-45E6-B883-A8176B350817}"
EndProject
Project("{FAE04EC0-301F-11D3-BF4B-00C04F79EFBC}") = "OpenIZ.Warehouse.ADO", "OpenIZ.Warehouse.ADO\OpenIZ.Warehouse.ADO.csproj", "{BFC58F38-9023-4700-B35C-AA933A608E43}"
EndProject
Project("{2150E333-8FDC-42A3-9474-1A3956D46DE8}") = "Reporting", "Reporting", "{133B014A-327F-4BAA-8E59-0585C4EB6747}"
EndProject
Project("{2150E333-8FDC-42A3-9474-1A3956D46DE8}") = "Solution Items", "Solution Items", "{F129E9B1-F715-44A8-90DC-5D59AA00E310}"
	ProjectSection(SolutionItems) = preProject
		Performance1.psess = Performance1.psess
		Performance2.psess = Performance2.psess
		Performance3.psess = Performance3.psess
		Performance4.psess = Performance4.psess
	EndProjectSection
EndProject
Project("{FAE04EC0-301F-11D3-BF4B-00C04F79EFBC}") = "OpenIZ.Caching.Redis", "OpenIZ.Caching.Redis\OpenIZ.Caching.Redis.csproj", "{86672094-25CC-4CD5-B085-240E50EC4A5E}"
EndProject
Project("{2150E333-8FDC-42A3-9474-1A3956D46DE8}") = "Install", "Install", "{CBC93EDA-C8E7-4D3A-98E0-5DF80E7C3C4A}"
EndProject
Project("{FAE04EC0-301F-11D3-BF4B-00C04F79EFBC}") = "Installer", "Installer\Installer.csproj", "{AE6E39E5-D1B1-4526-87EA-91B5F02F1A63}"
EndProject
Project("{FAE04EC0-301F-11D3-BF4B-00C04F79EFBC}") = "LogViewer", "LogViewer\LogViewer.csproj", "{20C72E5E-CDB0-4EF8-AA88-2DB30662F732}"
EndProject
Project("{FAE04EC0-301F-11D3-BF4B-00C04F79EFBC}") = "ConfigTool", "ConfigTool\ConfigTool.csproj", "{4A268849-87A3-44E0-A717-5A1B51981241}"
EndProject
Project("{2150E333-8FDC-42A3-9474-1A3956D46DE8}") = "Admin", "Admin", "{1BBAFA9D-55D0-4F97-9352-722DB073CD5A}"
EndProject
Project("{FAE04EC0-301F-11D3-BF4B-00C04F79EFBC}") = "OpenIZ.AdminConsole", "OpenIZ.AdminConsole\OpenIZ.AdminConsole.csproj", "{04421AB6-68F0-4315-AB5A-9F2486D8DC64}"
EndProject
Project("{FAE04EC0-301F-11D3-BF4B-00C04F79EFBC}") = "OpenIZ.Persistence.Diagnostics.Email", "OpenIZ.Persistence.Diagnostics.Email\OpenIZ.Persistence.Diagnostics.Email.csproj", "{2A5CEA66-8BB3-4567-BDFA-9C174FC215F7}"
EndProject
Global
	GlobalSection(SolutionConfigurationPlatforms) = preSolution
		Debug|Any CPU = Debug|Any CPU
		Debug|x64 = Debug|x64
		Debug|x86 = Debug|x86
		Release|Any CPU = Release|Any CPU
		Release|x64 = Release|x64
		Release|x86 = Release|x86
		SignedRelease|Any CPU = SignedRelease|Any CPU
		SignedRelease|x64 = SignedRelease|x64
		SignedRelease|x86 = SignedRelease|x86
	EndGlobalSection
	GlobalSection(ProjectConfigurationPlatforms) = postSolution
		{DB9BC05E-45F1-4F96-A161-F36BDECAF566}.Debug|Any CPU.ActiveCfg = Debug|Any CPU
		{DB9BC05E-45F1-4F96-A161-F36BDECAF566}.Debug|Any CPU.Build.0 = Debug|Any CPU
		{DB9BC05E-45F1-4F96-A161-F36BDECAF566}.Debug|x64.ActiveCfg = Debug|Any CPU
		{DB9BC05E-45F1-4F96-A161-F36BDECAF566}.Debug|x64.Build.0 = Debug|Any CPU
		{DB9BC05E-45F1-4F96-A161-F36BDECAF566}.Debug|x86.ActiveCfg = Debug|Any CPU
		{DB9BC05E-45F1-4F96-A161-F36BDECAF566}.Debug|x86.Build.0 = Debug|Any CPU
		{DB9BC05E-45F1-4F96-A161-F36BDECAF566}.Release|Any CPU.ActiveCfg = Release|Any CPU
		{DB9BC05E-45F1-4F96-A161-F36BDECAF566}.Release|Any CPU.Build.0 = Release|Any CPU
		{DB9BC05E-45F1-4F96-A161-F36BDECAF566}.Release|x64.ActiveCfg = Release|Any CPU
		{DB9BC05E-45F1-4F96-A161-F36BDECAF566}.Release|x64.Build.0 = Release|Any CPU
		{DB9BC05E-45F1-4F96-A161-F36BDECAF566}.Release|x86.ActiveCfg = Release|Any CPU
		{DB9BC05E-45F1-4F96-A161-F36BDECAF566}.Release|x86.Build.0 = Release|Any CPU
		{DB9BC05E-45F1-4F96-A161-F36BDECAF566}.SignedRelease|Any CPU.ActiveCfg = Release|Any CPU
		{DB9BC05E-45F1-4F96-A161-F36BDECAF566}.SignedRelease|Any CPU.Build.0 = Release|Any CPU
		{DB9BC05E-45F1-4F96-A161-F36BDECAF566}.SignedRelease|x64.ActiveCfg = Release|Any CPU
		{DB9BC05E-45F1-4F96-A161-F36BDECAF566}.SignedRelease|x64.Build.0 = Release|Any CPU
		{DB9BC05E-45F1-4F96-A161-F36BDECAF566}.SignedRelease|x86.ActiveCfg = Release|Any CPU
		{DB9BC05E-45F1-4F96-A161-F36BDECAF566}.SignedRelease|x86.Build.0 = Release|Any CPU
		{C4E96DB4-D4FA-4703-A3FD-5D9C30DFBB1E}.Debug|Any CPU.ActiveCfg = Debug|Any CPU
		{C4E96DB4-D4FA-4703-A3FD-5D9C30DFBB1E}.Debug|Any CPU.Build.0 = Debug|Any CPU
		{C4E96DB4-D4FA-4703-A3FD-5D9C30DFBB1E}.Debug|x64.ActiveCfg = Debug|Any CPU
		{C4E96DB4-D4FA-4703-A3FD-5D9C30DFBB1E}.Debug|x64.Build.0 = Debug|Any CPU
		{C4E96DB4-D4FA-4703-A3FD-5D9C30DFBB1E}.Debug|x86.ActiveCfg = Debug|Any CPU
		{C4E96DB4-D4FA-4703-A3FD-5D9C30DFBB1E}.Debug|x86.Build.0 = Debug|Any CPU
		{C4E96DB4-D4FA-4703-A3FD-5D9C30DFBB1E}.Release|Any CPU.ActiveCfg = Release|Any CPU
		{C4E96DB4-D4FA-4703-A3FD-5D9C30DFBB1E}.Release|Any CPU.Build.0 = Release|Any CPU
		{C4E96DB4-D4FA-4703-A3FD-5D9C30DFBB1E}.Release|x64.ActiveCfg = Release|Any CPU
		{C4E96DB4-D4FA-4703-A3FD-5D9C30DFBB1E}.Release|x64.Build.0 = Release|Any CPU
		{C4E96DB4-D4FA-4703-A3FD-5D9C30DFBB1E}.Release|x86.ActiveCfg = Release|Any CPU
		{C4E96DB4-D4FA-4703-A3FD-5D9C30DFBB1E}.Release|x86.Build.0 = Release|Any CPU
		{C4E96DB4-D4FA-4703-A3FD-5D9C30DFBB1E}.SignedRelease|Any CPU.ActiveCfg = Release|Any CPU
		{C4E96DB4-D4FA-4703-A3FD-5D9C30DFBB1E}.SignedRelease|Any CPU.Build.0 = Release|Any CPU
		{C4E96DB4-D4FA-4703-A3FD-5D9C30DFBB1E}.SignedRelease|x64.ActiveCfg = Release|Any CPU
		{C4E96DB4-D4FA-4703-A3FD-5D9C30DFBB1E}.SignedRelease|x64.Build.0 = Release|Any CPU
		{C4E96DB4-D4FA-4703-A3FD-5D9C30DFBB1E}.SignedRelease|x86.ActiveCfg = Release|Any CPU
		{C4E96DB4-D4FA-4703-A3FD-5D9C30DFBB1E}.SignedRelease|x86.Build.0 = Release|Any CPU
		{8659C41C-1EC5-4398-938A-2E7011C32646}.Debug|Any CPU.ActiveCfg = Debug|Any CPU
		{8659C41C-1EC5-4398-938A-2E7011C32646}.Debug|Any CPU.Build.0 = Debug|Any CPU
		{8659C41C-1EC5-4398-938A-2E7011C32646}.Debug|x64.ActiveCfg = Debug|Any CPU
		{8659C41C-1EC5-4398-938A-2E7011C32646}.Debug|x64.Build.0 = Debug|Any CPU
		{8659C41C-1EC5-4398-938A-2E7011C32646}.Debug|x86.ActiveCfg = Debug|Any CPU
		{8659C41C-1EC5-4398-938A-2E7011C32646}.Debug|x86.Build.0 = Debug|Any CPU
		{8659C41C-1EC5-4398-938A-2E7011C32646}.Release|Any CPU.ActiveCfg = Release|Any CPU
		{8659C41C-1EC5-4398-938A-2E7011C32646}.Release|Any CPU.Build.0 = Release|Any CPU
		{8659C41C-1EC5-4398-938A-2E7011C32646}.Release|x64.ActiveCfg = Release|Any CPU
		{8659C41C-1EC5-4398-938A-2E7011C32646}.Release|x64.Build.0 = Release|Any CPU
		{8659C41C-1EC5-4398-938A-2E7011C32646}.Release|x86.ActiveCfg = Release|Any CPU
		{8659C41C-1EC5-4398-938A-2E7011C32646}.Release|x86.Build.0 = Release|Any CPU
		{8659C41C-1EC5-4398-938A-2E7011C32646}.SignedRelease|Any CPU.ActiveCfg = Release|Any CPU
		{8659C41C-1EC5-4398-938A-2E7011C32646}.SignedRelease|Any CPU.Build.0 = Release|Any CPU
		{8659C41C-1EC5-4398-938A-2E7011C32646}.SignedRelease|x64.ActiveCfg = Release|Any CPU
		{8659C41C-1EC5-4398-938A-2E7011C32646}.SignedRelease|x64.Build.0 = Release|Any CPU
		{8659C41C-1EC5-4398-938A-2E7011C32646}.SignedRelease|x86.ActiveCfg = Release|Any CPU
		{8659C41C-1EC5-4398-938A-2E7011C32646}.SignedRelease|x86.Build.0 = Release|Any CPU
		{649B7C70-EC21-4AC4-B918-C34C84753126}.Debug|Any CPU.ActiveCfg = Debug|Any CPU
		{649B7C70-EC21-4AC4-B918-C34C84753126}.Debug|Any CPU.Build.0 = Debug|Any CPU
		{649B7C70-EC21-4AC4-B918-C34C84753126}.Debug|x64.ActiveCfg = Debug|Any CPU
		{649B7C70-EC21-4AC4-B918-C34C84753126}.Debug|x64.Build.0 = Debug|Any CPU
		{649B7C70-EC21-4AC4-B918-C34C84753126}.Debug|x86.ActiveCfg = Debug|Any CPU
		{649B7C70-EC21-4AC4-B918-C34C84753126}.Debug|x86.Build.0 = Debug|Any CPU
		{649B7C70-EC21-4AC4-B918-C34C84753126}.Release|Any CPU.ActiveCfg = Release|Any CPU
		{649B7C70-EC21-4AC4-B918-C34C84753126}.Release|Any CPU.Build.0 = Release|Any CPU
		{649B7C70-EC21-4AC4-B918-C34C84753126}.Release|x64.ActiveCfg = Release|Any CPU
		{649B7C70-EC21-4AC4-B918-C34C84753126}.Release|x64.Build.0 = Release|Any CPU
		{649B7C70-EC21-4AC4-B918-C34C84753126}.Release|x86.ActiveCfg = Release|Any CPU
		{649B7C70-EC21-4AC4-B918-C34C84753126}.Release|x86.Build.0 = Release|Any CPU
		{649B7C70-EC21-4AC4-B918-C34C84753126}.SignedRelease|Any CPU.ActiveCfg = Release|Any CPU
		{649B7C70-EC21-4AC4-B918-C34C84753126}.SignedRelease|Any CPU.Build.0 = Release|Any CPU
		{649B7C70-EC21-4AC4-B918-C34C84753126}.SignedRelease|x64.ActiveCfg = Release|Any CPU
		{649B7C70-EC21-4AC4-B918-C34C84753126}.SignedRelease|x64.Build.0 = Release|Any CPU
		{649B7C70-EC21-4AC4-B918-C34C84753126}.SignedRelease|x86.ActiveCfg = Release|Any CPU
		{649B7C70-EC21-4AC4-B918-C34C84753126}.SignedRelease|x86.Build.0 = Release|Any CPU
		{04E3C581-5A04-4691-82AC-F339947FCE75}.Debug|Any CPU.ActiveCfg = Debug|Any CPU
		{04E3C581-5A04-4691-82AC-F339947FCE75}.Debug|Any CPU.Build.0 = Debug|Any CPU
		{04E3C581-5A04-4691-82AC-F339947FCE75}.Debug|x64.ActiveCfg = Debug|Any CPU
		{04E3C581-5A04-4691-82AC-F339947FCE75}.Debug|x64.Build.0 = Debug|Any CPU
		{04E3C581-5A04-4691-82AC-F339947FCE75}.Debug|x86.ActiveCfg = Debug|Any CPU
		{04E3C581-5A04-4691-82AC-F339947FCE75}.Debug|x86.Build.0 = Debug|Any CPU
		{04E3C581-5A04-4691-82AC-F339947FCE75}.Release|Any CPU.ActiveCfg = Release|Any CPU
		{04E3C581-5A04-4691-82AC-F339947FCE75}.Release|Any CPU.Build.0 = Release|Any CPU
		{04E3C581-5A04-4691-82AC-F339947FCE75}.Release|x64.ActiveCfg = Release|Any CPU
		{04E3C581-5A04-4691-82AC-F339947FCE75}.Release|x64.Build.0 = Release|Any CPU
		{04E3C581-5A04-4691-82AC-F339947FCE75}.Release|x86.ActiveCfg = Release|Any CPU
		{04E3C581-5A04-4691-82AC-F339947FCE75}.Release|x86.Build.0 = Release|Any CPU
		{04E3C581-5A04-4691-82AC-F339947FCE75}.SignedRelease|Any CPU.ActiveCfg = Release|Any CPU
		{04E3C581-5A04-4691-82AC-F339947FCE75}.SignedRelease|Any CPU.Build.0 = Release|Any CPU
		{04E3C581-5A04-4691-82AC-F339947FCE75}.SignedRelease|x64.ActiveCfg = Release|Any CPU
		{04E3C581-5A04-4691-82AC-F339947FCE75}.SignedRelease|x64.Build.0 = Release|Any CPU
		{04E3C581-5A04-4691-82AC-F339947FCE75}.SignedRelease|x86.ActiveCfg = Release|Any CPU
		{04E3C581-5A04-4691-82AC-F339947FCE75}.SignedRelease|x86.Build.0 = Release|Any CPU
		{F1A82A4F-4A57-47D7-AE76-444C8A4FF54A}.Debug|Any CPU.ActiveCfg = Debug|Any CPU
		{F1A82A4F-4A57-47D7-AE76-444C8A4FF54A}.Debug|Any CPU.Build.0 = Debug|Any CPU
		{F1A82A4F-4A57-47D7-AE76-444C8A4FF54A}.Debug|x64.ActiveCfg = Debug|Any CPU
		{F1A82A4F-4A57-47D7-AE76-444C8A4FF54A}.Debug|x64.Build.0 = Debug|Any CPU
		{F1A82A4F-4A57-47D7-AE76-444C8A4FF54A}.Debug|x86.ActiveCfg = Debug|Any CPU
		{F1A82A4F-4A57-47D7-AE76-444C8A4FF54A}.Debug|x86.Build.0 = Debug|Any CPU
		{F1A82A4F-4A57-47D7-AE76-444C8A4FF54A}.Release|Any CPU.ActiveCfg = Release|Any CPU
		{F1A82A4F-4A57-47D7-AE76-444C8A4FF54A}.Release|Any CPU.Build.0 = Release|Any CPU
		{F1A82A4F-4A57-47D7-AE76-444C8A4FF54A}.Release|x64.ActiveCfg = Release|Any CPU
		{F1A82A4F-4A57-47D7-AE76-444C8A4FF54A}.Release|x64.Build.0 = Release|Any CPU
		{F1A82A4F-4A57-47D7-AE76-444C8A4FF54A}.Release|x86.ActiveCfg = Release|Any CPU
		{F1A82A4F-4A57-47D7-AE76-444C8A4FF54A}.Release|x86.Build.0 = Release|Any CPU
		{F1A82A4F-4A57-47D7-AE76-444C8A4FF54A}.SignedRelease|Any CPU.ActiveCfg = Release|Any CPU
		{F1A82A4F-4A57-47D7-AE76-444C8A4FF54A}.SignedRelease|Any CPU.Build.0 = Release|Any CPU
		{F1A82A4F-4A57-47D7-AE76-444C8A4FF54A}.SignedRelease|x64.ActiveCfg = Release|Any CPU
		{F1A82A4F-4A57-47D7-AE76-444C8A4FF54A}.SignedRelease|x64.Build.0 = Release|Any CPU
		{F1A82A4F-4A57-47D7-AE76-444C8A4FF54A}.SignedRelease|x86.ActiveCfg = Release|Any CPU
		{F1A82A4F-4A57-47D7-AE76-444C8A4FF54A}.SignedRelease|x86.Build.0 = Release|Any CPU
		{B25778DB-97DA-4BA1-BF77-72838658B148}.Debug|Any CPU.ActiveCfg = Debug|Any CPU
		{B25778DB-97DA-4BA1-BF77-72838658B148}.Debug|Any CPU.Build.0 = Debug|Any CPU
		{B25778DB-97DA-4BA1-BF77-72838658B148}.Debug|x64.ActiveCfg = Debug|Any CPU
		{B25778DB-97DA-4BA1-BF77-72838658B148}.Debug|x64.Build.0 = Debug|Any CPU
		{B25778DB-97DA-4BA1-BF77-72838658B148}.Debug|x86.ActiveCfg = Debug|Any CPU
		{B25778DB-97DA-4BA1-BF77-72838658B148}.Debug|x86.Build.0 = Debug|Any CPU
		{B25778DB-97DA-4BA1-BF77-72838658B148}.Release|Any CPU.ActiveCfg = Release|Any CPU
		{B25778DB-97DA-4BA1-BF77-72838658B148}.Release|Any CPU.Build.0 = Release|Any CPU
		{B25778DB-97DA-4BA1-BF77-72838658B148}.Release|x64.ActiveCfg = Release|Any CPU
		{B25778DB-97DA-4BA1-BF77-72838658B148}.Release|x64.Build.0 = Release|Any CPU
		{B25778DB-97DA-4BA1-BF77-72838658B148}.Release|x86.ActiveCfg = Release|Any CPU
		{B25778DB-97DA-4BA1-BF77-72838658B148}.Release|x86.Build.0 = Release|Any CPU
		{B25778DB-97DA-4BA1-BF77-72838658B148}.SignedRelease|Any CPU.ActiveCfg = Release|Any CPU
		{B25778DB-97DA-4BA1-BF77-72838658B148}.SignedRelease|Any CPU.Build.0 = Release|Any CPU
		{B25778DB-97DA-4BA1-BF77-72838658B148}.SignedRelease|x64.ActiveCfg = Release|Any CPU
		{B25778DB-97DA-4BA1-BF77-72838658B148}.SignedRelease|x64.Build.0 = Release|Any CPU
		{B25778DB-97DA-4BA1-BF77-72838658B148}.SignedRelease|x86.ActiveCfg = Release|Any CPU
		{B25778DB-97DA-4BA1-BF77-72838658B148}.SignedRelease|x86.Build.0 = Release|Any CPU
		{A3975C6F-4FDB-43BE-81AB-3357B86173F1}.Debug|Any CPU.ActiveCfg = Debug|Any CPU
		{A3975C6F-4FDB-43BE-81AB-3357B86173F1}.Debug|Any CPU.Build.0 = Debug|Any CPU
		{A3975C6F-4FDB-43BE-81AB-3357B86173F1}.Debug|x64.ActiveCfg = Debug|Any CPU
		{A3975C6F-4FDB-43BE-81AB-3357B86173F1}.Debug|x64.Build.0 = Debug|Any CPU
		{A3975C6F-4FDB-43BE-81AB-3357B86173F1}.Debug|x86.ActiveCfg = Debug|Any CPU
		{A3975C6F-4FDB-43BE-81AB-3357B86173F1}.Debug|x86.Build.0 = Debug|Any CPU
		{A3975C6F-4FDB-43BE-81AB-3357B86173F1}.Release|Any CPU.ActiveCfg = Release|Any CPU
		{A3975C6F-4FDB-43BE-81AB-3357B86173F1}.Release|Any CPU.Build.0 = Release|Any CPU
		{A3975C6F-4FDB-43BE-81AB-3357B86173F1}.Release|x64.ActiveCfg = Release|Any CPU
		{A3975C6F-4FDB-43BE-81AB-3357B86173F1}.Release|x64.Build.0 = Release|Any CPU
		{A3975C6F-4FDB-43BE-81AB-3357B86173F1}.Release|x86.ActiveCfg = Release|Any CPU
		{A3975C6F-4FDB-43BE-81AB-3357B86173F1}.Release|x86.Build.0 = Release|Any CPU
		{A3975C6F-4FDB-43BE-81AB-3357B86173F1}.SignedRelease|Any CPU.ActiveCfg = Release|Any CPU
		{A3975C6F-4FDB-43BE-81AB-3357B86173F1}.SignedRelease|Any CPU.Build.0 = Release|Any CPU
		{A3975C6F-4FDB-43BE-81AB-3357B86173F1}.SignedRelease|x64.ActiveCfg = Release|Any CPU
		{A3975C6F-4FDB-43BE-81AB-3357B86173F1}.SignedRelease|x64.Build.0 = Release|Any CPU
		{A3975C6F-4FDB-43BE-81AB-3357B86173F1}.SignedRelease|x86.ActiveCfg = Release|Any CPU
		{A3975C6F-4FDB-43BE-81AB-3357B86173F1}.SignedRelease|x86.Build.0 = Release|Any CPU
		{D882323C-2BC9-4A1D-B70F-D833CF2E91A1}.Debug|Any CPU.ActiveCfg = Debug|Any CPU
		{D882323C-2BC9-4A1D-B70F-D833CF2E91A1}.Debug|Any CPU.Build.0 = Debug|Any CPU
		{D882323C-2BC9-4A1D-B70F-D833CF2E91A1}.Debug|x64.ActiveCfg = Debug|Any CPU
		{D882323C-2BC9-4A1D-B70F-D833CF2E91A1}.Debug|x64.Build.0 = Debug|Any CPU
		{D882323C-2BC9-4A1D-B70F-D833CF2E91A1}.Debug|x86.ActiveCfg = Debug|Any CPU
		{D882323C-2BC9-4A1D-B70F-D833CF2E91A1}.Debug|x86.Build.0 = Debug|Any CPU
		{D882323C-2BC9-4A1D-B70F-D833CF2E91A1}.Release|Any CPU.ActiveCfg = Release|Any CPU
		{D882323C-2BC9-4A1D-B70F-D833CF2E91A1}.Release|Any CPU.Build.0 = Release|Any CPU
		{D882323C-2BC9-4A1D-B70F-D833CF2E91A1}.Release|x64.ActiveCfg = Release|Any CPU
		{D882323C-2BC9-4A1D-B70F-D833CF2E91A1}.Release|x64.Build.0 = Release|Any CPU
		{D882323C-2BC9-4A1D-B70F-D833CF2E91A1}.Release|x86.ActiveCfg = Release|Any CPU
		{D882323C-2BC9-4A1D-B70F-D833CF2E91A1}.Release|x86.Build.0 = Release|Any CPU
		{D882323C-2BC9-4A1D-B70F-D833CF2E91A1}.SignedRelease|Any CPU.ActiveCfg = Release|Any CPU
		{D882323C-2BC9-4A1D-B70F-D833CF2E91A1}.SignedRelease|Any CPU.Build.0 = Release|Any CPU
		{D882323C-2BC9-4A1D-B70F-D833CF2E91A1}.SignedRelease|x64.ActiveCfg = Release|Any CPU
		{D882323C-2BC9-4A1D-B70F-D833CF2E91A1}.SignedRelease|x64.Build.0 = Release|Any CPU
		{D882323C-2BC9-4A1D-B70F-D833CF2E91A1}.SignedRelease|x86.ActiveCfg = Release|Any CPU
		{D882323C-2BC9-4A1D-B70F-D833CF2E91A1}.SignedRelease|x86.Build.0 = Release|Any CPU
		{39E61451-F4FE-493D-B754-5F06EB284AAC}.Debug|Any CPU.ActiveCfg = Debug|Any CPU
		{39E61451-F4FE-493D-B754-5F06EB284AAC}.Debug|Any CPU.Build.0 = Debug|Any CPU
		{39E61451-F4FE-493D-B754-5F06EB284AAC}.Debug|x64.ActiveCfg = Debug|Any CPU
		{39E61451-F4FE-493D-B754-5F06EB284AAC}.Debug|x64.Build.0 = Debug|Any CPU
		{39E61451-F4FE-493D-B754-5F06EB284AAC}.Debug|x86.ActiveCfg = Debug|Any CPU
		{39E61451-F4FE-493D-B754-5F06EB284AAC}.Debug|x86.Build.0 = Debug|Any CPU
		{39E61451-F4FE-493D-B754-5F06EB284AAC}.Release|Any CPU.ActiveCfg = Release|Any CPU
		{39E61451-F4FE-493D-B754-5F06EB284AAC}.Release|Any CPU.Build.0 = Release|Any CPU
		{39E61451-F4FE-493D-B754-5F06EB284AAC}.Release|x64.ActiveCfg = Release|Any CPU
		{39E61451-F4FE-493D-B754-5F06EB284AAC}.Release|x64.Build.0 = Release|Any CPU
		{39E61451-F4FE-493D-B754-5F06EB284AAC}.Release|x86.ActiveCfg = Release|Any CPU
		{39E61451-F4FE-493D-B754-5F06EB284AAC}.Release|x86.Build.0 = Release|Any CPU
		{39E61451-F4FE-493D-B754-5F06EB284AAC}.SignedRelease|Any CPU.ActiveCfg = Release|Any CPU
		{39E61451-F4FE-493D-B754-5F06EB284AAC}.SignedRelease|Any CPU.Build.0 = Release|Any CPU
		{39E61451-F4FE-493D-B754-5F06EB284AAC}.SignedRelease|x64.ActiveCfg = Release|Any CPU
		{39E61451-F4FE-493D-B754-5F06EB284AAC}.SignedRelease|x64.Build.0 = Release|Any CPU
		{39E61451-F4FE-493D-B754-5F06EB284AAC}.SignedRelease|x86.ActiveCfg = Release|Any CPU
		{39E61451-F4FE-493D-B754-5F06EB284AAC}.SignedRelease|x86.Build.0 = Release|Any CPU
		{F322715B-FBAD-4C8C-B523-AA723490C05E}.Debug|Any CPU.ActiveCfg = Debug|Any CPU
		{F322715B-FBAD-4C8C-B523-AA723490C05E}.Debug|Any CPU.Build.0 = Debug|Any CPU
		{F322715B-FBAD-4C8C-B523-AA723490C05E}.Debug|x64.ActiveCfg = Debug|Any CPU
		{F322715B-FBAD-4C8C-B523-AA723490C05E}.Debug|x64.Build.0 = Debug|Any CPU
		{F322715B-FBAD-4C8C-B523-AA723490C05E}.Debug|x86.ActiveCfg = Debug|Any CPU
		{F322715B-FBAD-4C8C-B523-AA723490C05E}.Debug|x86.Build.0 = Debug|Any CPU
		{F322715B-FBAD-4C8C-B523-AA723490C05E}.Release|Any CPU.ActiveCfg = Release|Any CPU
		{F322715B-FBAD-4C8C-B523-AA723490C05E}.Release|Any CPU.Build.0 = Release|Any CPU
		{F322715B-FBAD-4C8C-B523-AA723490C05E}.Release|x64.ActiveCfg = Release|Any CPU
		{F322715B-FBAD-4C8C-B523-AA723490C05E}.Release|x64.Build.0 = Release|Any CPU
		{F322715B-FBAD-4C8C-B523-AA723490C05E}.Release|x86.ActiveCfg = Release|Any CPU
		{F322715B-FBAD-4C8C-B523-AA723490C05E}.Release|x86.Build.0 = Release|Any CPU
		{F322715B-FBAD-4C8C-B523-AA723490C05E}.SignedRelease|Any CPU.ActiveCfg = Release|Any CPU
		{F322715B-FBAD-4C8C-B523-AA723490C05E}.SignedRelease|Any CPU.Build.0 = Release|Any CPU
		{F322715B-FBAD-4C8C-B523-AA723490C05E}.SignedRelease|x64.ActiveCfg = Release|Any CPU
		{F322715B-FBAD-4C8C-B523-AA723490C05E}.SignedRelease|x64.Build.0 = Release|Any CPU
		{F322715B-FBAD-4C8C-B523-AA723490C05E}.SignedRelease|x86.ActiveCfg = Release|Any CPU
		{F322715B-FBAD-4C8C-B523-AA723490C05E}.SignedRelease|x86.Build.0 = Release|Any CPU
		{C222B929-6E9E-4B2E-A98E-CC23EE681047}.Debug|Any CPU.ActiveCfg = Debug|Any CPU
		{C222B929-6E9E-4B2E-A98E-CC23EE681047}.Debug|Any CPU.Build.0 = Debug|Any CPU
		{C222B929-6E9E-4B2E-A98E-CC23EE681047}.Debug|x64.ActiveCfg = Debug|Any CPU
		{C222B929-6E9E-4B2E-A98E-CC23EE681047}.Debug|x64.Build.0 = Debug|Any CPU
		{C222B929-6E9E-4B2E-A98E-CC23EE681047}.Debug|x86.ActiveCfg = Debug|Any CPU
		{C222B929-6E9E-4B2E-A98E-CC23EE681047}.Debug|x86.Build.0 = Debug|Any CPU
		{C222B929-6E9E-4B2E-A98E-CC23EE681047}.Release|Any CPU.ActiveCfg = Release|Any CPU
		{C222B929-6E9E-4B2E-A98E-CC23EE681047}.Release|Any CPU.Build.0 = Release|Any CPU
		{C222B929-6E9E-4B2E-A98E-CC23EE681047}.Release|x64.ActiveCfg = Release|Any CPU
		{C222B929-6E9E-4B2E-A98E-CC23EE681047}.Release|x64.Build.0 = Release|Any CPU
		{C222B929-6E9E-4B2E-A98E-CC23EE681047}.Release|x86.ActiveCfg = Release|Any CPU
		{C222B929-6E9E-4B2E-A98E-CC23EE681047}.Release|x86.Build.0 = Release|Any CPU
		{C222B929-6E9E-4B2E-A98E-CC23EE681047}.SignedRelease|Any CPU.ActiveCfg = Release|Any CPU
		{C222B929-6E9E-4B2E-A98E-CC23EE681047}.SignedRelease|Any CPU.Build.0 = Release|Any CPU
		{C222B929-6E9E-4B2E-A98E-CC23EE681047}.SignedRelease|x64.ActiveCfg = Release|Any CPU
		{C222B929-6E9E-4B2E-A98E-CC23EE681047}.SignedRelease|x64.Build.0 = Release|Any CPU
		{C222B929-6E9E-4B2E-A98E-CC23EE681047}.SignedRelease|x86.ActiveCfg = Release|Any CPU
		{C222B929-6E9E-4B2E-A98E-CC23EE681047}.SignedRelease|x86.Build.0 = Release|Any CPU
		{3A45F695-47A2-464C-ACE6-BDABBFA39FBC}.Debug|Any CPU.ActiveCfg = Debug|Any CPU
		{3A45F695-47A2-464C-ACE6-BDABBFA39FBC}.Debug|Any CPU.Build.0 = Debug|Any CPU
		{3A45F695-47A2-464C-ACE6-BDABBFA39FBC}.Debug|x64.ActiveCfg = Debug|Any CPU
		{3A45F695-47A2-464C-ACE6-BDABBFA39FBC}.Debug|x64.Build.0 = Debug|Any CPU
		{3A45F695-47A2-464C-ACE6-BDABBFA39FBC}.Debug|x86.ActiveCfg = Debug|Any CPU
		{3A45F695-47A2-464C-ACE6-BDABBFA39FBC}.Debug|x86.Build.0 = Debug|Any CPU
		{3A45F695-47A2-464C-ACE6-BDABBFA39FBC}.Release|Any CPU.ActiveCfg = Release|Any CPU
		{3A45F695-47A2-464C-ACE6-BDABBFA39FBC}.Release|Any CPU.Build.0 = Release|Any CPU
		{3A45F695-47A2-464C-ACE6-BDABBFA39FBC}.Release|x64.ActiveCfg = Release|Any CPU
		{3A45F695-47A2-464C-ACE6-BDABBFA39FBC}.Release|x64.Build.0 = Release|Any CPU
		{3A45F695-47A2-464C-ACE6-BDABBFA39FBC}.Release|x86.ActiveCfg = Release|Any CPU
		{3A45F695-47A2-464C-ACE6-BDABBFA39FBC}.Release|x86.Build.0 = Release|Any CPU
		{3A45F695-47A2-464C-ACE6-BDABBFA39FBC}.SignedRelease|Any CPU.ActiveCfg = Release|Any CPU
		{3A45F695-47A2-464C-ACE6-BDABBFA39FBC}.SignedRelease|Any CPU.Build.0 = Release|Any CPU
		{3A45F695-47A2-464C-ACE6-BDABBFA39FBC}.SignedRelease|x64.ActiveCfg = Release|Any CPU
		{3A45F695-47A2-464C-ACE6-BDABBFA39FBC}.SignedRelease|x64.Build.0 = Release|Any CPU
		{3A45F695-47A2-464C-ACE6-BDABBFA39FBC}.SignedRelease|x86.ActiveCfg = Release|Any CPU
		{3A45F695-47A2-464C-ACE6-BDABBFA39FBC}.SignedRelease|x86.Build.0 = Release|Any CPU
		{8553ABC7-ABFA-4A21-B0E8-68B7DE76129D}.Debug|Any CPU.ActiveCfg = Debug|Any CPU
		{8553ABC7-ABFA-4A21-B0E8-68B7DE76129D}.Debug|Any CPU.Build.0 = Debug|Any CPU
		{8553ABC7-ABFA-4A21-B0E8-68B7DE76129D}.Debug|x64.ActiveCfg = Debug|Any CPU
		{8553ABC7-ABFA-4A21-B0E8-68B7DE76129D}.Debug|x64.Build.0 = Debug|Any CPU
		{8553ABC7-ABFA-4A21-B0E8-68B7DE76129D}.Debug|x86.ActiveCfg = Debug|Any CPU
		{8553ABC7-ABFA-4A21-B0E8-68B7DE76129D}.Debug|x86.Build.0 = Debug|Any CPU
		{8553ABC7-ABFA-4A21-B0E8-68B7DE76129D}.Release|Any CPU.ActiveCfg = Release|Any CPU
		{8553ABC7-ABFA-4A21-B0E8-68B7DE76129D}.Release|Any CPU.Build.0 = Release|Any CPU
		{8553ABC7-ABFA-4A21-B0E8-68B7DE76129D}.Release|x64.ActiveCfg = Release|Any CPU
		{8553ABC7-ABFA-4A21-B0E8-68B7DE76129D}.Release|x64.Build.0 = Release|Any CPU
		{8553ABC7-ABFA-4A21-B0E8-68B7DE76129D}.Release|x86.ActiveCfg = Release|Any CPU
		{8553ABC7-ABFA-4A21-B0E8-68B7DE76129D}.Release|x86.Build.0 = Release|Any CPU
		{8553ABC7-ABFA-4A21-B0E8-68B7DE76129D}.SignedRelease|Any CPU.ActiveCfg = Release|Any CPU
		{8553ABC7-ABFA-4A21-B0E8-68B7DE76129D}.SignedRelease|Any CPU.Build.0 = Release|Any CPU
		{8553ABC7-ABFA-4A21-B0E8-68B7DE76129D}.SignedRelease|x64.ActiveCfg = Release|Any CPU
		{8553ABC7-ABFA-4A21-B0E8-68B7DE76129D}.SignedRelease|x64.Build.0 = Release|Any CPU
		{8553ABC7-ABFA-4A21-B0E8-68B7DE76129D}.SignedRelease|x86.ActiveCfg = Release|Any CPU
		{8553ABC7-ABFA-4A21-B0E8-68B7DE76129D}.SignedRelease|x86.Build.0 = Release|Any CPU
		{B09A6D4C-862C-4B5B-9C05-4160ED7CCA4A}.Debug|Any CPU.ActiveCfg = Debug|Any CPU
		{B09A6D4C-862C-4B5B-9C05-4160ED7CCA4A}.Debug|Any CPU.Build.0 = Debug|Any CPU
		{B09A6D4C-862C-4B5B-9C05-4160ED7CCA4A}.Debug|x64.ActiveCfg = Debug|Any CPU
		{B09A6D4C-862C-4B5B-9C05-4160ED7CCA4A}.Debug|x64.Build.0 = Debug|Any CPU
		{B09A6D4C-862C-4B5B-9C05-4160ED7CCA4A}.Debug|x86.ActiveCfg = Debug|Any CPU
		{B09A6D4C-862C-4B5B-9C05-4160ED7CCA4A}.Debug|x86.Build.0 = Debug|Any CPU
		{B09A6D4C-862C-4B5B-9C05-4160ED7CCA4A}.Release|Any CPU.ActiveCfg = Release|Any CPU
		{B09A6D4C-862C-4B5B-9C05-4160ED7CCA4A}.Release|Any CPU.Build.0 = Release|Any CPU
		{B09A6D4C-862C-4B5B-9C05-4160ED7CCA4A}.Release|x64.ActiveCfg = Release|Any CPU
		{B09A6D4C-862C-4B5B-9C05-4160ED7CCA4A}.Release|x64.Build.0 = Release|Any CPU
		{B09A6D4C-862C-4B5B-9C05-4160ED7CCA4A}.Release|x86.ActiveCfg = Release|Any CPU
		{B09A6D4C-862C-4B5B-9C05-4160ED7CCA4A}.Release|x86.Build.0 = Release|Any CPU
		{B09A6D4C-862C-4B5B-9C05-4160ED7CCA4A}.SignedRelease|Any CPU.ActiveCfg = Release|Any CPU
		{B09A6D4C-862C-4B5B-9C05-4160ED7CCA4A}.SignedRelease|Any CPU.Build.0 = Release|Any CPU
		{B09A6D4C-862C-4B5B-9C05-4160ED7CCA4A}.SignedRelease|x64.ActiveCfg = Release|Any CPU
		{B09A6D4C-862C-4B5B-9C05-4160ED7CCA4A}.SignedRelease|x64.Build.0 = Release|Any CPU
		{B09A6D4C-862C-4B5B-9C05-4160ED7CCA4A}.SignedRelease|x86.ActiveCfg = Release|Any CPU
		{B09A6D4C-862C-4B5B-9C05-4160ED7CCA4A}.SignedRelease|x86.Build.0 = Release|Any CPU
		{0FDBD4DB-30AE-4E1D-AAE1-5FE1370DCE3F}.Debug|Any CPU.ActiveCfg = Debug|Any CPU
		{0FDBD4DB-30AE-4E1D-AAE1-5FE1370DCE3F}.Debug|Any CPU.Build.0 = Debug|Any CPU
		{0FDBD4DB-30AE-4E1D-AAE1-5FE1370DCE3F}.Debug|x64.ActiveCfg = Debug|Any CPU
		{0FDBD4DB-30AE-4E1D-AAE1-5FE1370DCE3F}.Debug|x64.Build.0 = Debug|Any CPU
		{0FDBD4DB-30AE-4E1D-AAE1-5FE1370DCE3F}.Debug|x86.ActiveCfg = Debug|Any CPU
		{0FDBD4DB-30AE-4E1D-AAE1-5FE1370DCE3F}.Debug|x86.Build.0 = Debug|Any CPU
		{0FDBD4DB-30AE-4E1D-AAE1-5FE1370DCE3F}.Release|Any CPU.ActiveCfg = Release|Any CPU
		{0FDBD4DB-30AE-4E1D-AAE1-5FE1370DCE3F}.Release|Any CPU.Build.0 = Release|Any CPU
		{0FDBD4DB-30AE-4E1D-AAE1-5FE1370DCE3F}.Release|x64.ActiveCfg = Release|Any CPU
		{0FDBD4DB-30AE-4E1D-AAE1-5FE1370DCE3F}.Release|x64.Build.0 = Release|Any CPU
		{0FDBD4DB-30AE-4E1D-AAE1-5FE1370DCE3F}.Release|x86.ActiveCfg = Release|Any CPU
		{0FDBD4DB-30AE-4E1D-AAE1-5FE1370DCE3F}.Release|x86.Build.0 = Release|Any CPU
		{0FDBD4DB-30AE-4E1D-AAE1-5FE1370DCE3F}.SignedRelease|Any CPU.ActiveCfg = Release|Any CPU
		{0FDBD4DB-30AE-4E1D-AAE1-5FE1370DCE3F}.SignedRelease|Any CPU.Build.0 = Release|Any CPU
		{0FDBD4DB-30AE-4E1D-AAE1-5FE1370DCE3F}.SignedRelease|x64.ActiveCfg = Release|Any CPU
		{0FDBD4DB-30AE-4E1D-AAE1-5FE1370DCE3F}.SignedRelease|x64.Build.0 = Release|Any CPU
		{0FDBD4DB-30AE-4E1D-AAE1-5FE1370DCE3F}.SignedRelease|x86.ActiveCfg = Release|Any CPU
		{0FDBD4DB-30AE-4E1D-AAE1-5FE1370DCE3F}.SignedRelease|x86.Build.0 = Release|Any CPU
		{F17BD798-699C-4558-AE75-F2AC97B52E86}.Debug|Any CPU.ActiveCfg = Debug|Any CPU
		{F17BD798-699C-4558-AE75-F2AC97B52E86}.Debug|Any CPU.Build.0 = Debug|Any CPU
		{F17BD798-699C-4558-AE75-F2AC97B52E86}.Debug|x64.ActiveCfg = Debug|Any CPU
		{F17BD798-699C-4558-AE75-F2AC97B52E86}.Debug|x64.Build.0 = Debug|Any CPU
		{F17BD798-699C-4558-AE75-F2AC97B52E86}.Debug|x86.ActiveCfg = Debug|Any CPU
		{F17BD798-699C-4558-AE75-F2AC97B52E86}.Debug|x86.Build.0 = Debug|Any CPU
		{F17BD798-699C-4558-AE75-F2AC97B52E86}.Release|Any CPU.ActiveCfg = Release|Any CPU
		{F17BD798-699C-4558-AE75-F2AC97B52E86}.Release|Any CPU.Build.0 = Release|Any CPU
		{F17BD798-699C-4558-AE75-F2AC97B52E86}.Release|x64.ActiveCfg = Release|Any CPU
		{F17BD798-699C-4558-AE75-F2AC97B52E86}.Release|x64.Build.0 = Release|Any CPU
		{F17BD798-699C-4558-AE75-F2AC97B52E86}.Release|x86.ActiveCfg = Release|Any CPU
		{F17BD798-699C-4558-AE75-F2AC97B52E86}.Release|x86.Build.0 = Release|Any CPU
		{F17BD798-699C-4558-AE75-F2AC97B52E86}.SignedRelease|Any CPU.ActiveCfg = Release|Any CPU
		{F17BD798-699C-4558-AE75-F2AC97B52E86}.SignedRelease|Any CPU.Build.0 = Release|Any CPU
		{F17BD798-699C-4558-AE75-F2AC97B52E86}.SignedRelease|x64.ActiveCfg = Release|Any CPU
		{F17BD798-699C-4558-AE75-F2AC97B52E86}.SignedRelease|x64.Build.0 = Release|Any CPU
		{F17BD798-699C-4558-AE75-F2AC97B52E86}.SignedRelease|x86.ActiveCfg = Release|Any CPU
		{F17BD798-699C-4558-AE75-F2AC97B52E86}.SignedRelease|x86.Build.0 = Release|Any CPU
		{F51377FB-1E69-40BD-884B-6BB311CB9B0E}.Debug|Any CPU.ActiveCfg = Debug|Any CPU
		{F51377FB-1E69-40BD-884B-6BB311CB9B0E}.Debug|Any CPU.Build.0 = Debug|Any CPU
		{F51377FB-1E69-40BD-884B-6BB311CB9B0E}.Debug|x64.ActiveCfg = Debug|Any CPU
		{F51377FB-1E69-40BD-884B-6BB311CB9B0E}.Debug|x64.Build.0 = Debug|Any CPU
		{F51377FB-1E69-40BD-884B-6BB311CB9B0E}.Debug|x86.ActiveCfg = Debug|Any CPU
		{F51377FB-1E69-40BD-884B-6BB311CB9B0E}.Debug|x86.Build.0 = Debug|Any CPU
		{F51377FB-1E69-40BD-884B-6BB311CB9B0E}.Release|Any CPU.ActiveCfg = Release|Any CPU
		{F51377FB-1E69-40BD-884B-6BB311CB9B0E}.Release|Any CPU.Build.0 = Release|Any CPU
		{F51377FB-1E69-40BD-884B-6BB311CB9B0E}.Release|x64.ActiveCfg = Release|Any CPU
		{F51377FB-1E69-40BD-884B-6BB311CB9B0E}.Release|x64.Build.0 = Release|Any CPU
		{F51377FB-1E69-40BD-884B-6BB311CB9B0E}.Release|x86.ActiveCfg = Release|Any CPU
		{F51377FB-1E69-40BD-884B-6BB311CB9B0E}.Release|x86.Build.0 = Release|Any CPU
		{F51377FB-1E69-40BD-884B-6BB311CB9B0E}.SignedRelease|Any CPU.ActiveCfg = Release|Any CPU
		{F51377FB-1E69-40BD-884B-6BB311CB9B0E}.SignedRelease|Any CPU.Build.0 = Release|Any CPU
		{F51377FB-1E69-40BD-884B-6BB311CB9B0E}.SignedRelease|x64.ActiveCfg = Release|Any CPU
		{F51377FB-1E69-40BD-884B-6BB311CB9B0E}.SignedRelease|x64.Build.0 = Release|Any CPU
		{F51377FB-1E69-40BD-884B-6BB311CB9B0E}.SignedRelease|x86.ActiveCfg = Release|Any CPU
		{F51377FB-1E69-40BD-884B-6BB311CB9B0E}.SignedRelease|x86.Build.0 = Release|Any CPU
		{33836324-C699-4139-AB9C-7524570A04D5}.Debug|Any CPU.ActiveCfg = Debug|Any CPU
		{33836324-C699-4139-AB9C-7524570A04D5}.Debug|Any CPU.Build.0 = Debug|Any CPU
		{33836324-C699-4139-AB9C-7524570A04D5}.Debug|x64.ActiveCfg = Debug|Any CPU
		{33836324-C699-4139-AB9C-7524570A04D5}.Debug|x64.Build.0 = Debug|Any CPU
		{33836324-C699-4139-AB9C-7524570A04D5}.Debug|x86.ActiveCfg = Debug|Any CPU
		{33836324-C699-4139-AB9C-7524570A04D5}.Debug|x86.Build.0 = Debug|Any CPU
		{33836324-C699-4139-AB9C-7524570A04D5}.Release|Any CPU.ActiveCfg = Release|Any CPU
		{33836324-C699-4139-AB9C-7524570A04D5}.Release|Any CPU.Build.0 = Release|Any CPU
		{33836324-C699-4139-AB9C-7524570A04D5}.Release|x64.ActiveCfg = Release|Any CPU
		{33836324-C699-4139-AB9C-7524570A04D5}.Release|x64.Build.0 = Release|Any CPU
		{33836324-C699-4139-AB9C-7524570A04D5}.Release|x86.ActiveCfg = Release|Any CPU
		{33836324-C699-4139-AB9C-7524570A04D5}.Release|x86.Build.0 = Release|Any CPU
		{33836324-C699-4139-AB9C-7524570A04D5}.SignedRelease|Any CPU.ActiveCfg = Release|Any CPU
		{33836324-C699-4139-AB9C-7524570A04D5}.SignedRelease|Any CPU.Build.0 = Release|Any CPU
		{33836324-C699-4139-AB9C-7524570A04D5}.SignedRelease|x64.ActiveCfg = Release|Any CPU
		{33836324-C699-4139-AB9C-7524570A04D5}.SignedRelease|x64.Build.0 = Release|Any CPU
		{33836324-C699-4139-AB9C-7524570A04D5}.SignedRelease|x86.ActiveCfg = Release|Any CPU
		{33836324-C699-4139-AB9C-7524570A04D5}.SignedRelease|x86.Build.0 = Release|Any CPU
		{8F1714CE-CCCE-4EF9-8F2F-B8223D35FDB8}.Debug|Any CPU.ActiveCfg = Debug|Any CPU
		{8F1714CE-CCCE-4EF9-8F2F-B8223D35FDB8}.Debug|Any CPU.Build.0 = Debug|Any CPU
		{8F1714CE-CCCE-4EF9-8F2F-B8223D35FDB8}.Debug|x64.ActiveCfg = Debug|Any CPU
		{8F1714CE-CCCE-4EF9-8F2F-B8223D35FDB8}.Debug|x64.Build.0 = Debug|Any CPU
		{8F1714CE-CCCE-4EF9-8F2F-B8223D35FDB8}.Debug|x86.ActiveCfg = Debug|Any CPU
		{8F1714CE-CCCE-4EF9-8F2F-B8223D35FDB8}.Debug|x86.Build.0 = Debug|Any CPU
		{8F1714CE-CCCE-4EF9-8F2F-B8223D35FDB8}.Release|Any CPU.ActiveCfg = Release|Any CPU
		{8F1714CE-CCCE-4EF9-8F2F-B8223D35FDB8}.Release|Any CPU.Build.0 = Release|Any CPU
		{8F1714CE-CCCE-4EF9-8F2F-B8223D35FDB8}.Release|x64.ActiveCfg = Release|Any CPU
		{8F1714CE-CCCE-4EF9-8F2F-B8223D35FDB8}.Release|x64.Build.0 = Release|Any CPU
		{8F1714CE-CCCE-4EF9-8F2F-B8223D35FDB8}.Release|x86.ActiveCfg = Release|Any CPU
		{8F1714CE-CCCE-4EF9-8F2F-B8223D35FDB8}.Release|x86.Build.0 = Release|Any CPU
		{8F1714CE-CCCE-4EF9-8F2F-B8223D35FDB8}.SignedRelease|Any CPU.ActiveCfg = Release|Any CPU
		{8F1714CE-CCCE-4EF9-8F2F-B8223D35FDB8}.SignedRelease|Any CPU.Build.0 = Release|Any CPU
		{8F1714CE-CCCE-4EF9-8F2F-B8223D35FDB8}.SignedRelease|x64.ActiveCfg = Release|Any CPU
		{8F1714CE-CCCE-4EF9-8F2F-B8223D35FDB8}.SignedRelease|x64.Build.0 = Release|Any CPU
		{8F1714CE-CCCE-4EF9-8F2F-B8223D35FDB8}.SignedRelease|x86.ActiveCfg = Release|Any CPU
		{8F1714CE-CCCE-4EF9-8F2F-B8223D35FDB8}.SignedRelease|x86.Build.0 = Release|Any CPU
		{65EF51C6-5CB8-43B8-AE65-4A68F0B44AD2}.Debug|Any CPU.ActiveCfg = Debug|Any CPU
		{65EF51C6-5CB8-43B8-AE65-4A68F0B44AD2}.Debug|Any CPU.Build.0 = Debug|Any CPU
		{65EF51C6-5CB8-43B8-AE65-4A68F0B44AD2}.Debug|x64.ActiveCfg = Debug|Any CPU
		{65EF51C6-5CB8-43B8-AE65-4A68F0B44AD2}.Debug|x64.Build.0 = Debug|Any CPU
		{65EF51C6-5CB8-43B8-AE65-4A68F0B44AD2}.Debug|x86.ActiveCfg = Debug|Any CPU
		{65EF51C6-5CB8-43B8-AE65-4A68F0B44AD2}.Debug|x86.Build.0 = Debug|Any CPU
		{65EF51C6-5CB8-43B8-AE65-4A68F0B44AD2}.Release|Any CPU.ActiveCfg = Release|Any CPU
		{65EF51C6-5CB8-43B8-AE65-4A68F0B44AD2}.Release|Any CPU.Build.0 = Release|Any CPU
		{65EF51C6-5CB8-43B8-AE65-4A68F0B44AD2}.Release|x64.ActiveCfg = Release|Any CPU
		{65EF51C6-5CB8-43B8-AE65-4A68F0B44AD2}.Release|x64.Build.0 = Release|Any CPU
		{65EF51C6-5CB8-43B8-AE65-4A68F0B44AD2}.Release|x86.ActiveCfg = Release|Any CPU
		{65EF51C6-5CB8-43B8-AE65-4A68F0B44AD2}.Release|x86.Build.0 = Release|Any CPU
		{65EF51C6-5CB8-43B8-AE65-4A68F0B44AD2}.SignedRelease|Any CPU.ActiveCfg = Release|Any CPU
		{65EF51C6-5CB8-43B8-AE65-4A68F0B44AD2}.SignedRelease|Any CPU.Build.0 = Release|Any CPU
		{65EF51C6-5CB8-43B8-AE65-4A68F0B44AD2}.SignedRelease|x64.ActiveCfg = Release|Any CPU
		{65EF51C6-5CB8-43B8-AE65-4A68F0B44AD2}.SignedRelease|x64.Build.0 = Release|Any CPU
		{65EF51C6-5CB8-43B8-AE65-4A68F0B44AD2}.SignedRelease|x86.ActiveCfg = Release|Any CPU
		{65EF51C6-5CB8-43B8-AE65-4A68F0B44AD2}.SignedRelease|x86.Build.0 = Release|Any CPU
		{265614D8-DF9D-4AC8-BB31-8766A0B0CA20}.Debug|Any CPU.ActiveCfg = Debug|Any CPU
		{265614D8-DF9D-4AC8-BB31-8766A0B0CA20}.Debug|Any CPU.Build.0 = Debug|Any CPU
		{265614D8-DF9D-4AC8-BB31-8766A0B0CA20}.Debug|x64.ActiveCfg = Debug|Any CPU
		{265614D8-DF9D-4AC8-BB31-8766A0B0CA20}.Debug|x64.Build.0 = Debug|Any CPU
		{265614D8-DF9D-4AC8-BB31-8766A0B0CA20}.Debug|x86.ActiveCfg = Debug|Any CPU
		{265614D8-DF9D-4AC8-BB31-8766A0B0CA20}.Debug|x86.Build.0 = Debug|Any CPU
		{265614D8-DF9D-4AC8-BB31-8766A0B0CA20}.Release|Any CPU.ActiveCfg = Release|Any CPU
		{265614D8-DF9D-4AC8-BB31-8766A0B0CA20}.Release|Any CPU.Build.0 = Release|Any CPU
		{265614D8-DF9D-4AC8-BB31-8766A0B0CA20}.Release|x64.ActiveCfg = Release|Any CPU
		{265614D8-DF9D-4AC8-BB31-8766A0B0CA20}.Release|x64.Build.0 = Release|Any CPU
		{265614D8-DF9D-4AC8-BB31-8766A0B0CA20}.Release|x86.ActiveCfg = Release|Any CPU
		{265614D8-DF9D-4AC8-BB31-8766A0B0CA20}.Release|x86.Build.0 = Release|Any CPU
		{265614D8-DF9D-4AC8-BB31-8766A0B0CA20}.SignedRelease|Any CPU.ActiveCfg = Release|Any CPU
		{265614D8-DF9D-4AC8-BB31-8766A0B0CA20}.SignedRelease|Any CPU.Build.0 = Release|Any CPU
		{265614D8-DF9D-4AC8-BB31-8766A0B0CA20}.SignedRelease|x64.ActiveCfg = Release|Any CPU
		{265614D8-DF9D-4AC8-BB31-8766A0B0CA20}.SignedRelease|x64.Build.0 = Release|Any CPU
		{265614D8-DF9D-4AC8-BB31-8766A0B0CA20}.SignedRelease|x86.ActiveCfg = Release|Any CPU
		{265614D8-DF9D-4AC8-BB31-8766A0B0CA20}.SignedRelease|x86.Build.0 = Release|Any CPU
		{4F5D3E16-3FAB-4244-B3F0-98983E6C6F69}.Debug|Any CPU.ActiveCfg = Debug|Any CPU
		{4F5D3E16-3FAB-4244-B3F0-98983E6C6F69}.Debug|Any CPU.Build.0 = Debug|Any CPU
		{4F5D3E16-3FAB-4244-B3F0-98983E6C6F69}.Debug|x64.ActiveCfg = Debug|Any CPU
		{4F5D3E16-3FAB-4244-B3F0-98983E6C6F69}.Debug|x64.Build.0 = Debug|Any CPU
		{4F5D3E16-3FAB-4244-B3F0-98983E6C6F69}.Debug|x86.ActiveCfg = Debug|Any CPU
		{4F5D3E16-3FAB-4244-B3F0-98983E6C6F69}.Debug|x86.Build.0 = Debug|Any CPU
		{4F5D3E16-3FAB-4244-B3F0-98983E6C6F69}.Release|Any CPU.ActiveCfg = Release|Any CPU
		{4F5D3E16-3FAB-4244-B3F0-98983E6C6F69}.Release|Any CPU.Build.0 = Release|Any CPU
		{4F5D3E16-3FAB-4244-B3F0-98983E6C6F69}.Release|x64.ActiveCfg = Release|Any CPU
		{4F5D3E16-3FAB-4244-B3F0-98983E6C6F69}.Release|x64.Build.0 = Release|Any CPU
		{4F5D3E16-3FAB-4244-B3F0-98983E6C6F69}.Release|x86.ActiveCfg = Release|Any CPU
		{4F5D3E16-3FAB-4244-B3F0-98983E6C6F69}.Release|x86.Build.0 = Release|Any CPU
		{4F5D3E16-3FAB-4244-B3F0-98983E6C6F69}.SignedRelease|Any CPU.ActiveCfg = Release|Any CPU
		{4F5D3E16-3FAB-4244-B3F0-98983E6C6F69}.SignedRelease|Any CPU.Build.0 = Release|Any CPU
		{4F5D3E16-3FAB-4244-B3F0-98983E6C6F69}.SignedRelease|x64.ActiveCfg = Release|Any CPU
		{4F5D3E16-3FAB-4244-B3F0-98983E6C6F69}.SignedRelease|x64.Build.0 = Release|Any CPU
		{4F5D3E16-3FAB-4244-B3F0-98983E6C6F69}.SignedRelease|x86.ActiveCfg = Release|Any CPU
		{4F5D3E16-3FAB-4244-B3F0-98983E6C6F69}.SignedRelease|x86.Build.0 = Release|Any CPU
		{CCEAA09F-7B59-45EC-B969-3A740C2AEBAA}.Debug|Any CPU.ActiveCfg = Debug|Any CPU
		{CCEAA09F-7B59-45EC-B969-3A740C2AEBAA}.Debug|Any CPU.Build.0 = Debug|Any CPU
		{CCEAA09F-7B59-45EC-B969-3A740C2AEBAA}.Debug|x64.ActiveCfg = Debug|Any CPU
		{CCEAA09F-7B59-45EC-B969-3A740C2AEBAA}.Debug|x64.Build.0 = Debug|Any CPU
		{CCEAA09F-7B59-45EC-B969-3A740C2AEBAA}.Debug|x86.ActiveCfg = Debug|Any CPU
		{CCEAA09F-7B59-45EC-B969-3A740C2AEBAA}.Debug|x86.Build.0 = Debug|Any CPU
		{CCEAA09F-7B59-45EC-B969-3A740C2AEBAA}.Release|Any CPU.ActiveCfg = Release|Any CPU
		{CCEAA09F-7B59-45EC-B969-3A740C2AEBAA}.Release|Any CPU.Build.0 = Release|Any CPU
		{CCEAA09F-7B59-45EC-B969-3A740C2AEBAA}.Release|x64.ActiveCfg = Release|Any CPU
		{CCEAA09F-7B59-45EC-B969-3A740C2AEBAA}.Release|x64.Build.0 = Release|Any CPU
		{CCEAA09F-7B59-45EC-B969-3A740C2AEBAA}.Release|x86.ActiveCfg = Release|Any CPU
		{CCEAA09F-7B59-45EC-B969-3A740C2AEBAA}.Release|x86.Build.0 = Release|Any CPU
		{CCEAA09F-7B59-45EC-B969-3A740C2AEBAA}.SignedRelease|Any CPU.ActiveCfg = Release|Any CPU
		{CCEAA09F-7B59-45EC-B969-3A740C2AEBAA}.SignedRelease|Any CPU.Build.0 = Release|Any CPU
		{CCEAA09F-7B59-45EC-B969-3A740C2AEBAA}.SignedRelease|x64.ActiveCfg = Release|Any CPU
		{CCEAA09F-7B59-45EC-B969-3A740C2AEBAA}.SignedRelease|x64.Build.0 = Release|Any CPU
		{CCEAA09F-7B59-45EC-B969-3A740C2AEBAA}.SignedRelease|x86.ActiveCfg = Release|Any CPU
		{CCEAA09F-7B59-45EC-B969-3A740C2AEBAA}.SignedRelease|x86.Build.0 = Release|Any CPU
		{09033283-267F-49DE-AAAF-0B54C749D1A1}.Debug|Any CPU.ActiveCfg = Debug|Any CPU
		{09033283-267F-49DE-AAAF-0B54C749D1A1}.Debug|Any CPU.Build.0 = Debug|Any CPU
		{09033283-267F-49DE-AAAF-0B54C749D1A1}.Debug|x64.ActiveCfg = Debug|Any CPU
		{09033283-267F-49DE-AAAF-0B54C749D1A1}.Debug|x64.Build.0 = Debug|Any CPU
		{09033283-267F-49DE-AAAF-0B54C749D1A1}.Debug|x86.ActiveCfg = Debug|Any CPU
		{09033283-267F-49DE-AAAF-0B54C749D1A1}.Debug|x86.Build.0 = Debug|Any CPU
		{09033283-267F-49DE-AAAF-0B54C749D1A1}.Release|Any CPU.ActiveCfg = Release|Any CPU
		{09033283-267F-49DE-AAAF-0B54C749D1A1}.Release|Any CPU.Build.0 = Release|Any CPU
		{09033283-267F-49DE-AAAF-0B54C749D1A1}.Release|x64.ActiveCfg = Release|Any CPU
		{09033283-267F-49DE-AAAF-0B54C749D1A1}.Release|x64.Build.0 = Release|Any CPU
		{09033283-267F-49DE-AAAF-0B54C749D1A1}.Release|x86.ActiveCfg = Release|Any CPU
		{09033283-267F-49DE-AAAF-0B54C749D1A1}.Release|x86.Build.0 = Release|Any CPU
		{09033283-267F-49DE-AAAF-0B54C749D1A1}.SignedRelease|Any CPU.ActiveCfg = Release|Any CPU
		{09033283-267F-49DE-AAAF-0B54C749D1A1}.SignedRelease|Any CPU.Build.0 = Release|Any CPU
		{09033283-267F-49DE-AAAF-0B54C749D1A1}.SignedRelease|x64.ActiveCfg = Release|Any CPU
		{09033283-267F-49DE-AAAF-0B54C749D1A1}.SignedRelease|x64.Build.0 = Release|Any CPU
		{09033283-267F-49DE-AAAF-0B54C749D1A1}.SignedRelease|x86.ActiveCfg = Release|Any CPU
		{09033283-267F-49DE-AAAF-0B54C749D1A1}.SignedRelease|x86.Build.0 = Release|Any CPU
		{18A9F102-023E-4E17-8A70-A91365E1510D}.Debug|Any CPU.ActiveCfg = Debug|Any CPU
		{18A9F102-023E-4E17-8A70-A91365E1510D}.Debug|Any CPU.Build.0 = Debug|Any CPU
		{18A9F102-023E-4E17-8A70-A91365E1510D}.Debug|x64.ActiveCfg = Debug|Any CPU
		{18A9F102-023E-4E17-8A70-A91365E1510D}.Debug|x64.Build.0 = Debug|Any CPU
		{18A9F102-023E-4E17-8A70-A91365E1510D}.Debug|x86.ActiveCfg = Debug|Any CPU
		{18A9F102-023E-4E17-8A70-A91365E1510D}.Debug|x86.Build.0 = Debug|Any CPU
		{18A9F102-023E-4E17-8A70-A91365E1510D}.Release|Any CPU.ActiveCfg = Release|Any CPU
		{18A9F102-023E-4E17-8A70-A91365E1510D}.Release|Any CPU.Build.0 = Release|Any CPU
		{18A9F102-023E-4E17-8A70-A91365E1510D}.Release|x64.ActiveCfg = Release|Any CPU
		{18A9F102-023E-4E17-8A70-A91365E1510D}.Release|x64.Build.0 = Release|Any CPU
		{18A9F102-023E-4E17-8A70-A91365E1510D}.Release|x86.ActiveCfg = Release|Any CPU
		{18A9F102-023E-4E17-8A70-A91365E1510D}.Release|x86.Build.0 = Release|Any CPU
		{18A9F102-023E-4E17-8A70-A91365E1510D}.SignedRelease|Any CPU.ActiveCfg = Release|Any CPU
		{18A9F102-023E-4E17-8A70-A91365E1510D}.SignedRelease|Any CPU.Build.0 = Release|Any CPU
		{18A9F102-023E-4E17-8A70-A91365E1510D}.SignedRelease|x64.ActiveCfg = Release|Any CPU
		{18A9F102-023E-4E17-8A70-A91365E1510D}.SignedRelease|x64.Build.0 = Release|Any CPU
		{18A9F102-023E-4E17-8A70-A91365E1510D}.SignedRelease|x86.ActiveCfg = Release|Any CPU
		{18A9F102-023E-4E17-8A70-A91365E1510D}.SignedRelease|x86.Build.0 = Release|Any CPU
		{23699F04-DA75-4889-AA00-7F6F4B5FCFBB}.Debug|Any CPU.ActiveCfg = Debug|Any CPU
		{23699F04-DA75-4889-AA00-7F6F4B5FCFBB}.Debug|Any CPU.Build.0 = Debug|Any CPU
		{23699F04-DA75-4889-AA00-7F6F4B5FCFBB}.Debug|x64.ActiveCfg = Debug|Any CPU
		{23699F04-DA75-4889-AA00-7F6F4B5FCFBB}.Debug|x64.Build.0 = Debug|Any CPU
		{23699F04-DA75-4889-AA00-7F6F4B5FCFBB}.Debug|x86.ActiveCfg = Debug|Any CPU
		{23699F04-DA75-4889-AA00-7F6F4B5FCFBB}.Debug|x86.Build.0 = Debug|Any CPU
		{23699F04-DA75-4889-AA00-7F6F4B5FCFBB}.Release|Any CPU.ActiveCfg = Release|Any CPU
		{23699F04-DA75-4889-AA00-7F6F4B5FCFBB}.Release|Any CPU.Build.0 = Release|Any CPU
		{23699F04-DA75-4889-AA00-7F6F4B5FCFBB}.Release|x64.ActiveCfg = Release|Any CPU
		{23699F04-DA75-4889-AA00-7F6F4B5FCFBB}.Release|x64.Build.0 = Release|Any CPU
		{23699F04-DA75-4889-AA00-7F6F4B5FCFBB}.Release|x86.ActiveCfg = Release|Any CPU
		{23699F04-DA75-4889-AA00-7F6F4B5FCFBB}.Release|x86.Build.0 = Release|Any CPU
		{23699F04-DA75-4889-AA00-7F6F4B5FCFBB}.SignedRelease|Any CPU.ActiveCfg = Release|Any CPU
		{23699F04-DA75-4889-AA00-7F6F4B5FCFBB}.SignedRelease|Any CPU.Build.0 = Release|Any CPU
		{23699F04-DA75-4889-AA00-7F6F4B5FCFBB}.SignedRelease|x64.ActiveCfg = Release|Any CPU
		{23699F04-DA75-4889-AA00-7F6F4B5FCFBB}.SignedRelease|x64.Build.0 = Release|Any CPU
		{23699F04-DA75-4889-AA00-7F6F4B5FCFBB}.SignedRelease|x86.ActiveCfg = Release|Any CPU
		{23699F04-DA75-4889-AA00-7F6F4B5FCFBB}.SignedRelease|x86.Build.0 = Release|Any CPU
		{5A60D6E2-72DD-478A-91A6-E928208CA1BA}.Debug|Any CPU.ActiveCfg = Debug|Any CPU
		{5A60D6E2-72DD-478A-91A6-E928208CA1BA}.Debug|Any CPU.Build.0 = Debug|Any CPU
		{5A60D6E2-72DD-478A-91A6-E928208CA1BA}.Debug|x64.ActiveCfg = Debug|Any CPU
		{5A60D6E2-72DD-478A-91A6-E928208CA1BA}.Debug|x64.Build.0 = Debug|Any CPU
		{5A60D6E2-72DD-478A-91A6-E928208CA1BA}.Debug|x86.ActiveCfg = Debug|Any CPU
		{5A60D6E2-72DD-478A-91A6-E928208CA1BA}.Debug|x86.Build.0 = Debug|Any CPU
		{5A60D6E2-72DD-478A-91A6-E928208CA1BA}.Release|Any CPU.ActiveCfg = Release|Any CPU
		{5A60D6E2-72DD-478A-91A6-E928208CA1BA}.Release|Any CPU.Build.0 = Release|Any CPU
		{5A60D6E2-72DD-478A-91A6-E928208CA1BA}.Release|x64.ActiveCfg = Release|Any CPU
		{5A60D6E2-72DD-478A-91A6-E928208CA1BA}.Release|x64.Build.0 = Release|Any CPU
		{5A60D6E2-72DD-478A-91A6-E928208CA1BA}.Release|x86.ActiveCfg = Release|Any CPU
		{5A60D6E2-72DD-478A-91A6-E928208CA1BA}.Release|x86.Build.0 = Release|Any CPU
		{5A60D6E2-72DD-478A-91A6-E928208CA1BA}.SignedRelease|Any CPU.ActiveCfg = Release|Any CPU
		{5A60D6E2-72DD-478A-91A6-E928208CA1BA}.SignedRelease|Any CPU.Build.0 = Release|Any CPU
		{5A60D6E2-72DD-478A-91A6-E928208CA1BA}.SignedRelease|x64.ActiveCfg = Release|Any CPU
		{5A60D6E2-72DD-478A-91A6-E928208CA1BA}.SignedRelease|x64.Build.0 = Release|Any CPU
		{5A60D6E2-72DD-478A-91A6-E928208CA1BA}.SignedRelease|x86.ActiveCfg = Release|Any CPU
		{5A60D6E2-72DD-478A-91A6-E928208CA1BA}.SignedRelease|x86.Build.0 = Release|Any CPU
		{3BFD6EE6-0267-4D82-BE7D-9B48B2F6F3D4}.Debug|Any CPU.ActiveCfg = Debug|Any CPU
		{3BFD6EE6-0267-4D82-BE7D-9B48B2F6F3D4}.Debug|Any CPU.Build.0 = Debug|Any CPU
		{3BFD6EE6-0267-4D82-BE7D-9B48B2F6F3D4}.Debug|x64.ActiveCfg = Debug|Any CPU
		{3BFD6EE6-0267-4D82-BE7D-9B48B2F6F3D4}.Debug|x64.Build.0 = Debug|Any CPU
		{3BFD6EE6-0267-4D82-BE7D-9B48B2F6F3D4}.Debug|x86.ActiveCfg = Debug|Any CPU
		{3BFD6EE6-0267-4D82-BE7D-9B48B2F6F3D4}.Debug|x86.Build.0 = Debug|Any CPU
		{3BFD6EE6-0267-4D82-BE7D-9B48B2F6F3D4}.Release|Any CPU.ActiveCfg = Release|Any CPU
		{3BFD6EE6-0267-4D82-BE7D-9B48B2F6F3D4}.Release|Any CPU.Build.0 = Release|Any CPU
		{3BFD6EE6-0267-4D82-BE7D-9B48B2F6F3D4}.Release|x64.ActiveCfg = Release|Any CPU
		{3BFD6EE6-0267-4D82-BE7D-9B48B2F6F3D4}.Release|x64.Build.0 = Release|Any CPU
		{3BFD6EE6-0267-4D82-BE7D-9B48B2F6F3D4}.Release|x86.ActiveCfg = Release|Any CPU
		{3BFD6EE6-0267-4D82-BE7D-9B48B2F6F3D4}.Release|x86.Build.0 = Release|Any CPU
		{3BFD6EE6-0267-4D82-BE7D-9B48B2F6F3D4}.SignedRelease|Any CPU.ActiveCfg = Release|Any CPU
		{3BFD6EE6-0267-4D82-BE7D-9B48B2F6F3D4}.SignedRelease|Any CPU.Build.0 = Release|Any CPU
		{3BFD6EE6-0267-4D82-BE7D-9B48B2F6F3D4}.SignedRelease|x64.ActiveCfg = Release|Any CPU
		{3BFD6EE6-0267-4D82-BE7D-9B48B2F6F3D4}.SignedRelease|x64.Build.0 = Release|Any CPU
		{3BFD6EE6-0267-4D82-BE7D-9B48B2F6F3D4}.SignedRelease|x86.ActiveCfg = Release|Any CPU
		{3BFD6EE6-0267-4D82-BE7D-9B48B2F6F3D4}.SignedRelease|x86.Build.0 = Release|Any CPU
		{6AFCADBB-4505-43FD-A1BA-ED7DBC1BB232}.Debug|Any CPU.ActiveCfg = Debug|Any CPU
		{6AFCADBB-4505-43FD-A1BA-ED7DBC1BB232}.Debug|Any CPU.Build.0 = Debug|Any CPU
		{6AFCADBB-4505-43FD-A1BA-ED7DBC1BB232}.Debug|x64.ActiveCfg = Debug|Any CPU
		{6AFCADBB-4505-43FD-A1BA-ED7DBC1BB232}.Debug|x64.Build.0 = Debug|Any CPU
		{6AFCADBB-4505-43FD-A1BA-ED7DBC1BB232}.Debug|x86.ActiveCfg = Debug|Any CPU
		{6AFCADBB-4505-43FD-A1BA-ED7DBC1BB232}.Debug|x86.Build.0 = Debug|Any CPU
		{6AFCADBB-4505-43FD-A1BA-ED7DBC1BB232}.Release|Any CPU.ActiveCfg = Release|Any CPU
		{6AFCADBB-4505-43FD-A1BA-ED7DBC1BB232}.Release|Any CPU.Build.0 = Release|Any CPU
		{6AFCADBB-4505-43FD-A1BA-ED7DBC1BB232}.Release|x64.ActiveCfg = Release|Any CPU
		{6AFCADBB-4505-43FD-A1BA-ED7DBC1BB232}.Release|x64.Build.0 = Release|Any CPU
		{6AFCADBB-4505-43FD-A1BA-ED7DBC1BB232}.Release|x86.ActiveCfg = Release|Any CPU
		{6AFCADBB-4505-43FD-A1BA-ED7DBC1BB232}.Release|x86.Build.0 = Release|Any CPU
		{6AFCADBB-4505-43FD-A1BA-ED7DBC1BB232}.SignedRelease|Any CPU.ActiveCfg = Release|Any CPU
		{6AFCADBB-4505-43FD-A1BA-ED7DBC1BB232}.SignedRelease|Any CPU.Build.0 = Release|Any CPU
		{6AFCADBB-4505-43FD-A1BA-ED7DBC1BB232}.SignedRelease|x64.ActiveCfg = Release|Any CPU
		{6AFCADBB-4505-43FD-A1BA-ED7DBC1BB232}.SignedRelease|x64.Build.0 = Release|Any CPU
		{6AFCADBB-4505-43FD-A1BA-ED7DBC1BB232}.SignedRelease|x86.ActiveCfg = Release|Any CPU
		{6AFCADBB-4505-43FD-A1BA-ED7DBC1BB232}.SignedRelease|x86.Build.0 = Release|Any CPU
		{CAD6BCB7-758B-4AA4-A5FE-A9FAB8A4CF2F}.Debug|Any CPU.ActiveCfg = Debug|Any CPU
		{CAD6BCB7-758B-4AA4-A5FE-A9FAB8A4CF2F}.Debug|Any CPU.Build.0 = Debug|Any CPU
		{CAD6BCB7-758B-4AA4-A5FE-A9FAB8A4CF2F}.Debug|x64.ActiveCfg = Debug|Any CPU
		{CAD6BCB7-758B-4AA4-A5FE-A9FAB8A4CF2F}.Debug|x64.Build.0 = Debug|Any CPU
		{CAD6BCB7-758B-4AA4-A5FE-A9FAB8A4CF2F}.Debug|x86.ActiveCfg = Debug|Any CPU
		{CAD6BCB7-758B-4AA4-A5FE-A9FAB8A4CF2F}.Debug|x86.Build.0 = Debug|Any CPU
		{CAD6BCB7-758B-4AA4-A5FE-A9FAB8A4CF2F}.Release|Any CPU.ActiveCfg = Release|Any CPU
		{CAD6BCB7-758B-4AA4-A5FE-A9FAB8A4CF2F}.Release|Any CPU.Build.0 = Release|Any CPU
		{CAD6BCB7-758B-4AA4-A5FE-A9FAB8A4CF2F}.Release|x64.ActiveCfg = Release|Any CPU
		{CAD6BCB7-758B-4AA4-A5FE-A9FAB8A4CF2F}.Release|x64.Build.0 = Release|Any CPU
		{CAD6BCB7-758B-4AA4-A5FE-A9FAB8A4CF2F}.Release|x86.ActiveCfg = Release|Any CPU
		{CAD6BCB7-758B-4AA4-A5FE-A9FAB8A4CF2F}.Release|x86.Build.0 = Release|Any CPU
		{CAD6BCB7-758B-4AA4-A5FE-A9FAB8A4CF2F}.SignedRelease|Any CPU.ActiveCfg = Release|Any CPU
		{CAD6BCB7-758B-4AA4-A5FE-A9FAB8A4CF2F}.SignedRelease|Any CPU.Build.0 = Release|Any CPU
		{CAD6BCB7-758B-4AA4-A5FE-A9FAB8A4CF2F}.SignedRelease|x64.ActiveCfg = Release|Any CPU
		{CAD6BCB7-758B-4AA4-A5FE-A9FAB8A4CF2F}.SignedRelease|x64.Build.0 = Release|Any CPU
		{CAD6BCB7-758B-4AA4-A5FE-A9FAB8A4CF2F}.SignedRelease|x86.ActiveCfg = Release|Any CPU
		{CAD6BCB7-758B-4AA4-A5FE-A9FAB8A4CF2F}.SignedRelease|x86.Build.0 = Release|Any CPU
		{ECE9B280-9647-4092-BABF-EB2E25084670}.Debug|Any CPU.ActiveCfg = Debug|Any CPU
		{ECE9B280-9647-4092-BABF-EB2E25084670}.Debug|Any CPU.Build.0 = Debug|Any CPU
		{ECE9B280-9647-4092-BABF-EB2E25084670}.Debug|x64.ActiveCfg = Debug|Any CPU
		{ECE9B280-9647-4092-BABF-EB2E25084670}.Debug|x64.Build.0 = Debug|Any CPU
		{ECE9B280-9647-4092-BABF-EB2E25084670}.Debug|x86.ActiveCfg = Debug|Any CPU
		{ECE9B280-9647-4092-BABF-EB2E25084670}.Debug|x86.Build.0 = Debug|Any CPU
		{ECE9B280-9647-4092-BABF-EB2E25084670}.Release|Any CPU.ActiveCfg = Release|Any CPU
		{ECE9B280-9647-4092-BABF-EB2E25084670}.Release|Any CPU.Build.0 = Release|Any CPU
		{ECE9B280-9647-4092-BABF-EB2E25084670}.Release|x64.ActiveCfg = Release|Any CPU
		{ECE9B280-9647-4092-BABF-EB2E25084670}.Release|x64.Build.0 = Release|Any CPU
		{ECE9B280-9647-4092-BABF-EB2E25084670}.Release|x86.ActiveCfg = Release|Any CPU
		{ECE9B280-9647-4092-BABF-EB2E25084670}.Release|x86.Build.0 = Release|Any CPU
		{ECE9B280-9647-4092-BABF-EB2E25084670}.SignedRelease|Any CPU.ActiveCfg = Release|Any CPU
		{ECE9B280-9647-4092-BABF-EB2E25084670}.SignedRelease|Any CPU.Build.0 = Release|Any CPU
		{ECE9B280-9647-4092-BABF-EB2E25084670}.SignedRelease|x64.ActiveCfg = Release|Any CPU
		{ECE9B280-9647-4092-BABF-EB2E25084670}.SignedRelease|x64.Build.0 = Release|Any CPU
		{ECE9B280-9647-4092-BABF-EB2E25084670}.SignedRelease|x86.ActiveCfg = Release|Any CPU
		{ECE9B280-9647-4092-BABF-EB2E25084670}.SignedRelease|x86.Build.0 = Release|Any CPU
		{59B5E3BE-790E-451F-BACA-631369CF535C}.Debug|Any CPU.ActiveCfg = Debug|Any CPU
		{59B5E3BE-790E-451F-BACA-631369CF535C}.Debug|Any CPU.Build.0 = Debug|Any CPU
		{59B5E3BE-790E-451F-BACA-631369CF535C}.Debug|x64.ActiveCfg = Debug|Any CPU
		{59B5E3BE-790E-451F-BACA-631369CF535C}.Debug|x64.Build.0 = Debug|Any CPU
		{59B5E3BE-790E-451F-BACA-631369CF535C}.Debug|x86.ActiveCfg = Debug|Any CPU
		{59B5E3BE-790E-451F-BACA-631369CF535C}.Debug|x86.Build.0 = Debug|Any CPU
		{59B5E3BE-790E-451F-BACA-631369CF535C}.Release|Any CPU.ActiveCfg = Release|Any CPU
		{59B5E3BE-790E-451F-BACA-631369CF535C}.Release|Any CPU.Build.0 = Release|Any CPU
		{59B5E3BE-790E-451F-BACA-631369CF535C}.Release|x64.ActiveCfg = Release|Any CPU
		{59B5E3BE-790E-451F-BACA-631369CF535C}.Release|x64.Build.0 = Release|Any CPU
		{59B5E3BE-790E-451F-BACA-631369CF535C}.Release|x86.ActiveCfg = Release|Any CPU
		{59B5E3BE-790E-451F-BACA-631369CF535C}.Release|x86.Build.0 = Release|Any CPU
		{59B5E3BE-790E-451F-BACA-631369CF535C}.SignedRelease|Any CPU.ActiveCfg = Release|Any CPU
		{59B5E3BE-790E-451F-BACA-631369CF535C}.SignedRelease|Any CPU.Build.0 = Release|Any CPU
		{59B5E3BE-790E-451F-BACA-631369CF535C}.SignedRelease|x64.ActiveCfg = Release|Any CPU
		{59B5E3BE-790E-451F-BACA-631369CF535C}.SignedRelease|x64.Build.0 = Release|Any CPU
		{59B5E3BE-790E-451F-BACA-631369CF535C}.SignedRelease|x86.ActiveCfg = Release|Any CPU
		{59B5E3BE-790E-451F-BACA-631369CF535C}.SignedRelease|x86.Build.0 = Release|Any CPU
		{EBF0386E-B082-47C3-9E2A-AB228E2035B3}.Debug|Any CPU.ActiveCfg = Debug|Any CPU
		{EBF0386E-B082-47C3-9E2A-AB228E2035B3}.Debug|Any CPU.Build.0 = Debug|Any CPU
		{EBF0386E-B082-47C3-9E2A-AB228E2035B3}.Debug|x64.ActiveCfg = Debug|Any CPU
		{EBF0386E-B082-47C3-9E2A-AB228E2035B3}.Debug|x64.Build.0 = Debug|Any CPU
		{EBF0386E-B082-47C3-9E2A-AB228E2035B3}.Debug|x86.ActiveCfg = Debug|Any CPU
		{EBF0386E-B082-47C3-9E2A-AB228E2035B3}.Debug|x86.Build.0 = Debug|Any CPU
		{EBF0386E-B082-47C3-9E2A-AB228E2035B3}.Release|Any CPU.ActiveCfg = Release|Any CPU
		{EBF0386E-B082-47C3-9E2A-AB228E2035B3}.Release|Any CPU.Build.0 = Release|Any CPU
		{EBF0386E-B082-47C3-9E2A-AB228E2035B3}.Release|x64.ActiveCfg = Release|Any CPU
		{EBF0386E-B082-47C3-9E2A-AB228E2035B3}.Release|x64.Build.0 = Release|Any CPU
		{EBF0386E-B082-47C3-9E2A-AB228E2035B3}.Release|x86.ActiveCfg = Release|Any CPU
		{EBF0386E-B082-47C3-9E2A-AB228E2035B3}.Release|x86.Build.0 = Release|Any CPU
		{EBF0386E-B082-47C3-9E2A-AB228E2035B3}.SignedRelease|Any CPU.ActiveCfg = Release|Any CPU
		{EBF0386E-B082-47C3-9E2A-AB228E2035B3}.SignedRelease|Any CPU.Build.0 = Release|Any CPU
		{EBF0386E-B082-47C3-9E2A-AB228E2035B3}.SignedRelease|x64.ActiveCfg = Release|Any CPU
		{EBF0386E-B082-47C3-9E2A-AB228E2035B3}.SignedRelease|x64.Build.0 = Release|Any CPU
		{EBF0386E-B082-47C3-9E2A-AB228E2035B3}.SignedRelease|x86.ActiveCfg = Release|Any CPU
		{EBF0386E-B082-47C3-9E2A-AB228E2035B3}.SignedRelease|x86.Build.0 = Release|Any CPU
		{F3D2FA84-C398-4390-9834-1272CC2D6F89}.Debug|Any CPU.ActiveCfg = Debug|Any CPU
		{F3D2FA84-C398-4390-9834-1272CC2D6F89}.Debug|Any CPU.Build.0 = Debug|Any CPU
		{F3D2FA84-C398-4390-9834-1272CC2D6F89}.Debug|x64.ActiveCfg = Debug|Any CPU
		{F3D2FA84-C398-4390-9834-1272CC2D6F89}.Debug|x64.Build.0 = Debug|Any CPU
		{F3D2FA84-C398-4390-9834-1272CC2D6F89}.Debug|x86.ActiveCfg = Debug|Any CPU
		{F3D2FA84-C398-4390-9834-1272CC2D6F89}.Debug|x86.Build.0 = Debug|Any CPU
		{F3D2FA84-C398-4390-9834-1272CC2D6F89}.Release|Any CPU.ActiveCfg = Release|Any CPU
		{F3D2FA84-C398-4390-9834-1272CC2D6F89}.Release|Any CPU.Build.0 = Release|Any CPU
		{F3D2FA84-C398-4390-9834-1272CC2D6F89}.Release|x64.ActiveCfg = Release|Any CPU
		{F3D2FA84-C398-4390-9834-1272CC2D6F89}.Release|x64.Build.0 = Release|Any CPU
		{F3D2FA84-C398-4390-9834-1272CC2D6F89}.Release|x86.ActiveCfg = Release|Any CPU
		{F3D2FA84-C398-4390-9834-1272CC2D6F89}.Release|x86.Build.0 = Release|Any CPU
		{F3D2FA84-C398-4390-9834-1272CC2D6F89}.SignedRelease|Any CPU.ActiveCfg = Release|Any CPU
		{F3D2FA84-C398-4390-9834-1272CC2D6F89}.SignedRelease|Any CPU.Build.0 = Release|Any CPU
		{F3D2FA84-C398-4390-9834-1272CC2D6F89}.SignedRelease|x64.ActiveCfg = Release|Any CPU
		{F3D2FA84-C398-4390-9834-1272CC2D6F89}.SignedRelease|x64.Build.0 = Release|Any CPU
		{F3D2FA84-C398-4390-9834-1272CC2D6F89}.SignedRelease|x86.ActiveCfg = Release|Any CPU
		{F3D2FA84-C398-4390-9834-1272CC2D6F89}.SignedRelease|x86.Build.0 = Release|Any CPU
		{5E587D57-FBB9-4064-9444-47B40C4BAD8F}.Debug|Any CPU.ActiveCfg = Debug|Any CPU
		{5E587D57-FBB9-4064-9444-47B40C4BAD8F}.Debug|Any CPU.Build.0 = Debug|Any CPU
		{5E587D57-FBB9-4064-9444-47B40C4BAD8F}.Debug|x64.ActiveCfg = Debug|Any CPU
		{5E587D57-FBB9-4064-9444-47B40C4BAD8F}.Debug|x64.Build.0 = Debug|Any CPU
		{5E587D57-FBB9-4064-9444-47B40C4BAD8F}.Debug|x86.ActiveCfg = Debug|Any CPU
		{5E587D57-FBB9-4064-9444-47B40C4BAD8F}.Debug|x86.Build.0 = Debug|Any CPU
		{5E587D57-FBB9-4064-9444-47B40C4BAD8F}.Release|Any CPU.ActiveCfg = Release|Any CPU
		{5E587D57-FBB9-4064-9444-47B40C4BAD8F}.Release|Any CPU.Build.0 = Release|Any CPU
		{5E587D57-FBB9-4064-9444-47B40C4BAD8F}.Release|x64.ActiveCfg = Release|Any CPU
		{5E587D57-FBB9-4064-9444-47B40C4BAD8F}.Release|x64.Build.0 = Release|Any CPU
		{5E587D57-FBB9-4064-9444-47B40C4BAD8F}.Release|x86.ActiveCfg = Release|Any CPU
		{5E587D57-FBB9-4064-9444-47B40C4BAD8F}.Release|x86.Build.0 = Release|Any CPU
		{5E587D57-FBB9-4064-9444-47B40C4BAD8F}.SignedRelease|Any CPU.ActiveCfg = Release|Any CPU
		{5E587D57-FBB9-4064-9444-47B40C4BAD8F}.SignedRelease|Any CPU.Build.0 = Release|Any CPU
		{5E587D57-FBB9-4064-9444-47B40C4BAD8F}.SignedRelease|x64.ActiveCfg = Release|Any CPU
		{5E587D57-FBB9-4064-9444-47B40C4BAD8F}.SignedRelease|x64.Build.0 = Release|Any CPU
		{5E587D57-FBB9-4064-9444-47B40C4BAD8F}.SignedRelease|x86.ActiveCfg = Release|Any CPU
		{5E587D57-FBB9-4064-9444-47B40C4BAD8F}.SignedRelease|x86.Build.0 = Release|Any CPU
		{F2B51AC4-4710-4B45-8BF7-E480F375FC90}.Debug|Any CPU.ActiveCfg = Debug|Any CPU
		{F2B51AC4-4710-4B45-8BF7-E480F375FC90}.Debug|Any CPU.Build.0 = Debug|Any CPU
		{F2B51AC4-4710-4B45-8BF7-E480F375FC90}.Debug|x64.ActiveCfg = Debug|Any CPU
		{F2B51AC4-4710-4B45-8BF7-E480F375FC90}.Debug|x64.Build.0 = Debug|Any CPU
		{F2B51AC4-4710-4B45-8BF7-E480F375FC90}.Debug|x86.ActiveCfg = Debug|Any CPU
		{F2B51AC4-4710-4B45-8BF7-E480F375FC90}.Debug|x86.Build.0 = Debug|Any CPU
		{F2B51AC4-4710-4B45-8BF7-E480F375FC90}.Release|Any CPU.ActiveCfg = Release|Any CPU
		{F2B51AC4-4710-4B45-8BF7-E480F375FC90}.Release|Any CPU.Build.0 = Release|Any CPU
		{F2B51AC4-4710-4B45-8BF7-E480F375FC90}.Release|x64.ActiveCfg = Release|Any CPU
		{F2B51AC4-4710-4B45-8BF7-E480F375FC90}.Release|x64.Build.0 = Release|Any CPU
		{F2B51AC4-4710-4B45-8BF7-E480F375FC90}.Release|x86.ActiveCfg = Release|Any CPU
		{F2B51AC4-4710-4B45-8BF7-E480F375FC90}.Release|x86.Build.0 = Release|Any CPU
		{F2B51AC4-4710-4B45-8BF7-E480F375FC90}.SignedRelease|Any CPU.ActiveCfg = Release|Any CPU
		{F2B51AC4-4710-4B45-8BF7-E480F375FC90}.SignedRelease|Any CPU.Build.0 = Release|Any CPU
		{F2B51AC4-4710-4B45-8BF7-E480F375FC90}.SignedRelease|x64.ActiveCfg = Release|Any CPU
		{F2B51AC4-4710-4B45-8BF7-E480F375FC90}.SignedRelease|x64.Build.0 = Release|Any CPU
		{F2B51AC4-4710-4B45-8BF7-E480F375FC90}.SignedRelease|x86.ActiveCfg = Release|Any CPU
		{F2B51AC4-4710-4B45-8BF7-E480F375FC90}.SignedRelease|x86.Build.0 = Release|Any CPU
		{AA364BAC-BA47-4548-BD4B-31C0A73277B7}.Debug|Any CPU.ActiveCfg = Debug|Any CPU
		{AA364BAC-BA47-4548-BD4B-31C0A73277B7}.Debug|Any CPU.Build.0 = Debug|Any CPU
		{AA364BAC-BA47-4548-BD4B-31C0A73277B7}.Debug|x64.ActiveCfg = Debug|Any CPU
		{AA364BAC-BA47-4548-BD4B-31C0A73277B7}.Debug|x64.Build.0 = Debug|Any CPU
		{AA364BAC-BA47-4548-BD4B-31C0A73277B7}.Debug|x86.ActiveCfg = Debug|Any CPU
		{AA364BAC-BA47-4548-BD4B-31C0A73277B7}.Debug|x86.Build.0 = Debug|Any CPU
		{AA364BAC-BA47-4548-BD4B-31C0A73277B7}.Release|Any CPU.ActiveCfg = Release|Any CPU
		{AA364BAC-BA47-4548-BD4B-31C0A73277B7}.Release|Any CPU.Build.0 = Release|Any CPU
		{AA364BAC-BA47-4548-BD4B-31C0A73277B7}.Release|x64.ActiveCfg = Release|Any CPU
		{AA364BAC-BA47-4548-BD4B-31C0A73277B7}.Release|x64.Build.0 = Release|Any CPU
		{AA364BAC-BA47-4548-BD4B-31C0A73277B7}.Release|x86.ActiveCfg = Release|Any CPU
		{AA364BAC-BA47-4548-BD4B-31C0A73277B7}.Release|x86.Build.0 = Release|Any CPU
		{AA364BAC-BA47-4548-BD4B-31C0A73277B7}.SignedRelease|Any CPU.ActiveCfg = Release|Any CPU
		{AA364BAC-BA47-4548-BD4B-31C0A73277B7}.SignedRelease|Any CPU.Build.0 = Release|Any CPU
		{AA364BAC-BA47-4548-BD4B-31C0A73277B7}.SignedRelease|x64.ActiveCfg = Release|Any CPU
		{AA364BAC-BA47-4548-BD4B-31C0A73277B7}.SignedRelease|x64.Build.0 = Release|Any CPU
		{AA364BAC-BA47-4548-BD4B-31C0A73277B7}.SignedRelease|x86.ActiveCfg = Release|Any CPU
		{AA364BAC-BA47-4548-BD4B-31C0A73277B7}.SignedRelease|x86.Build.0 = Release|Any CPU
		{F38ED54C-E4E4-499A-882E-736289F332C0}.Debug|Any CPU.ActiveCfg = Debug|Any CPU
		{F38ED54C-E4E4-499A-882E-736289F332C0}.Debug|Any CPU.Build.0 = Debug|Any CPU
		{F38ED54C-E4E4-499A-882E-736289F332C0}.Debug|x64.ActiveCfg = Debug|Any CPU
		{F38ED54C-E4E4-499A-882E-736289F332C0}.Debug|x64.Build.0 = Debug|Any CPU
		{F38ED54C-E4E4-499A-882E-736289F332C0}.Debug|x86.ActiveCfg = Debug|Any CPU
		{F38ED54C-E4E4-499A-882E-736289F332C0}.Debug|x86.Build.0 = Debug|Any CPU
		{F38ED54C-E4E4-499A-882E-736289F332C0}.Release|Any CPU.ActiveCfg = Release|Any CPU
		{F38ED54C-E4E4-499A-882E-736289F332C0}.Release|Any CPU.Build.0 = Release|Any CPU
		{F38ED54C-E4E4-499A-882E-736289F332C0}.Release|x64.ActiveCfg = Release|Any CPU
		{F38ED54C-E4E4-499A-882E-736289F332C0}.Release|x64.Build.0 = Release|Any CPU
		{F38ED54C-E4E4-499A-882E-736289F332C0}.Release|x86.ActiveCfg = Release|Any CPU
		{F38ED54C-E4E4-499A-882E-736289F332C0}.Release|x86.Build.0 = Release|Any CPU
		{F38ED54C-E4E4-499A-882E-736289F332C0}.SignedRelease|Any CPU.ActiveCfg = Release|Any CPU
		{F38ED54C-E4E4-499A-882E-736289F332C0}.SignedRelease|Any CPU.Build.0 = Release|Any CPU
		{F38ED54C-E4E4-499A-882E-736289F332C0}.SignedRelease|x64.ActiveCfg = Release|Any CPU
		{F38ED54C-E4E4-499A-882E-736289F332C0}.SignedRelease|x64.Build.0 = Release|Any CPU
		{F38ED54C-E4E4-499A-882E-736289F332C0}.SignedRelease|x86.ActiveCfg = Release|Any CPU
		{F38ED54C-E4E4-499A-882E-736289F332C0}.SignedRelease|x86.Build.0 = Release|Any CPU
		{11407ADB-E336-4C0C-AF8E-EA6B601BA69E}.Debug|Any CPU.ActiveCfg = Debug|Any CPU
		{11407ADB-E336-4C0C-AF8E-EA6B601BA69E}.Debug|Any CPU.Build.0 = Debug|Any CPU
		{11407ADB-E336-4C0C-AF8E-EA6B601BA69E}.Debug|x64.ActiveCfg = Debug|Any CPU
		{11407ADB-E336-4C0C-AF8E-EA6B601BA69E}.Debug|x64.Build.0 = Debug|Any CPU
		{11407ADB-E336-4C0C-AF8E-EA6B601BA69E}.Debug|x86.ActiveCfg = Debug|Any CPU
		{11407ADB-E336-4C0C-AF8E-EA6B601BA69E}.Debug|x86.Build.0 = Debug|Any CPU
		{11407ADB-E336-4C0C-AF8E-EA6B601BA69E}.Release|Any CPU.ActiveCfg = Release|Any CPU
		{11407ADB-E336-4C0C-AF8E-EA6B601BA69E}.Release|Any CPU.Build.0 = Release|Any CPU
		{11407ADB-E336-4C0C-AF8E-EA6B601BA69E}.Release|x64.ActiveCfg = Release|Any CPU
		{11407ADB-E336-4C0C-AF8E-EA6B601BA69E}.Release|x64.Build.0 = Release|Any CPU
		{11407ADB-E336-4C0C-AF8E-EA6B601BA69E}.Release|x86.ActiveCfg = Release|Any CPU
		{11407ADB-E336-4C0C-AF8E-EA6B601BA69E}.Release|x86.Build.0 = Release|Any CPU
		{11407ADB-E336-4C0C-AF8E-EA6B601BA69E}.SignedRelease|Any CPU.ActiveCfg = Release|Any CPU
		{11407ADB-E336-4C0C-AF8E-EA6B601BA69E}.SignedRelease|Any CPU.Build.0 = Release|Any CPU
		{11407ADB-E336-4C0C-AF8E-EA6B601BA69E}.SignedRelease|x64.ActiveCfg = Release|Any CPU
		{11407ADB-E336-4C0C-AF8E-EA6B601BA69E}.SignedRelease|x64.Build.0 = Release|Any CPU
		{11407ADB-E336-4C0C-AF8E-EA6B601BA69E}.SignedRelease|x86.ActiveCfg = Release|Any CPU
		{11407ADB-E336-4C0C-AF8E-EA6B601BA69E}.SignedRelease|x86.Build.0 = Release|Any CPU
		{407C87E6-A1F3-45E6-B883-A8176B350817}.Debug|Any CPU.ActiveCfg = Debug|Any CPU
		{407C87E6-A1F3-45E6-B883-A8176B350817}.Debug|Any CPU.Build.0 = Debug|Any CPU
		{407C87E6-A1F3-45E6-B883-A8176B350817}.Debug|x64.ActiveCfg = Debug|Any CPU
		{407C87E6-A1F3-45E6-B883-A8176B350817}.Debug|x64.Build.0 = Debug|Any CPU
		{407C87E6-A1F3-45E6-B883-A8176B350817}.Debug|x86.ActiveCfg = Debug|Any CPU
		{407C87E6-A1F3-45E6-B883-A8176B350817}.Debug|x86.Build.0 = Debug|Any CPU
		{407C87E6-A1F3-45E6-B883-A8176B350817}.Release|Any CPU.ActiveCfg = Release|Any CPU
		{407C87E6-A1F3-45E6-B883-A8176B350817}.Release|Any CPU.Build.0 = Release|Any CPU
		{407C87E6-A1F3-45E6-B883-A8176B350817}.Release|x64.ActiveCfg = Release|Any CPU
		{407C87E6-A1F3-45E6-B883-A8176B350817}.Release|x64.Build.0 = Release|Any CPU
		{407C87E6-A1F3-45E6-B883-A8176B350817}.Release|x86.ActiveCfg = Release|Any CPU
		{407C87E6-A1F3-45E6-B883-A8176B350817}.Release|x86.Build.0 = Release|Any CPU
		{407C87E6-A1F3-45E6-B883-A8176B350817}.SignedRelease|Any CPU.ActiveCfg = Release|Any CPU
		{407C87E6-A1F3-45E6-B883-A8176B350817}.SignedRelease|Any CPU.Build.0 = Release|Any CPU
		{407C87E6-A1F3-45E6-B883-A8176B350817}.SignedRelease|x64.ActiveCfg = Release|Any CPU
		{407C87E6-A1F3-45E6-B883-A8176B350817}.SignedRelease|x64.Build.0 = Release|Any CPU
		{407C87E6-A1F3-45E6-B883-A8176B350817}.SignedRelease|x86.ActiveCfg = Release|Any CPU
		{407C87E6-A1F3-45E6-B883-A8176B350817}.SignedRelease|x86.Build.0 = Release|Any CPU
		{BFC58F38-9023-4700-B35C-AA933A608E43}.Debug|Any CPU.ActiveCfg = Debug|Any CPU
		{BFC58F38-9023-4700-B35C-AA933A608E43}.Debug|Any CPU.Build.0 = Debug|Any CPU
		{BFC58F38-9023-4700-B35C-AA933A608E43}.Debug|x64.ActiveCfg = Debug|Any CPU
		{BFC58F38-9023-4700-B35C-AA933A608E43}.Debug|x64.Build.0 = Debug|Any CPU
		{BFC58F38-9023-4700-B35C-AA933A608E43}.Debug|x86.ActiveCfg = Debug|Any CPU
		{BFC58F38-9023-4700-B35C-AA933A608E43}.Debug|x86.Build.0 = Debug|Any CPU
		{BFC58F38-9023-4700-B35C-AA933A608E43}.Release|Any CPU.ActiveCfg = Release|Any CPU
		{BFC58F38-9023-4700-B35C-AA933A608E43}.Release|Any CPU.Build.0 = Release|Any CPU
		{BFC58F38-9023-4700-B35C-AA933A608E43}.Release|x64.ActiveCfg = Release|Any CPU
		{BFC58F38-9023-4700-B35C-AA933A608E43}.Release|x64.Build.0 = Release|Any CPU
		{BFC58F38-9023-4700-B35C-AA933A608E43}.Release|x86.ActiveCfg = Release|Any CPU
		{BFC58F38-9023-4700-B35C-AA933A608E43}.Release|x86.Build.0 = Release|Any CPU
		{BFC58F38-9023-4700-B35C-AA933A608E43}.SignedRelease|Any CPU.ActiveCfg = Release|Any CPU
		{BFC58F38-9023-4700-B35C-AA933A608E43}.SignedRelease|Any CPU.Build.0 = Release|Any CPU
		{BFC58F38-9023-4700-B35C-AA933A608E43}.SignedRelease|x64.ActiveCfg = Release|Any CPU
		{BFC58F38-9023-4700-B35C-AA933A608E43}.SignedRelease|x64.Build.0 = Release|Any CPU
		{BFC58F38-9023-4700-B35C-AA933A608E43}.SignedRelease|x86.ActiveCfg = Release|Any CPU
		{BFC58F38-9023-4700-B35C-AA933A608E43}.SignedRelease|x86.Build.0 = Release|Any CPU
		{86672094-25CC-4CD5-B085-240E50EC4A5E}.Debug|Any CPU.ActiveCfg = Debug|Any CPU
		{86672094-25CC-4CD5-B085-240E50EC4A5E}.Debug|Any CPU.Build.0 = Debug|Any CPU
		{86672094-25CC-4CD5-B085-240E50EC4A5E}.Debug|x64.ActiveCfg = Debug|Any CPU
		{86672094-25CC-4CD5-B085-240E50EC4A5E}.Debug|x64.Build.0 = Debug|Any CPU
		{86672094-25CC-4CD5-B085-240E50EC4A5E}.Debug|x86.ActiveCfg = Debug|Any CPU
		{86672094-25CC-4CD5-B085-240E50EC4A5E}.Debug|x86.Build.0 = Debug|Any CPU
		{86672094-25CC-4CD5-B085-240E50EC4A5E}.Release|Any CPU.ActiveCfg = Release|Any CPU
		{86672094-25CC-4CD5-B085-240E50EC4A5E}.Release|Any CPU.Build.0 = Release|Any CPU
		{86672094-25CC-4CD5-B085-240E50EC4A5E}.Release|x64.ActiveCfg = Release|Any CPU
		{86672094-25CC-4CD5-B085-240E50EC4A5E}.Release|x64.Build.0 = Release|Any CPU
		{86672094-25CC-4CD5-B085-240E50EC4A5E}.Release|x86.ActiveCfg = Release|Any CPU
		{86672094-25CC-4CD5-B085-240E50EC4A5E}.Release|x86.Build.0 = Release|Any CPU
		{86672094-25CC-4CD5-B085-240E50EC4A5E}.SignedRelease|Any CPU.ActiveCfg = Release|Any CPU
		{86672094-25CC-4CD5-B085-240E50EC4A5E}.SignedRelease|Any CPU.Build.0 = Release|Any CPU
		{86672094-25CC-4CD5-B085-240E50EC4A5E}.SignedRelease|x64.ActiveCfg = Release|Any CPU
		{86672094-25CC-4CD5-B085-240E50EC4A5E}.SignedRelease|x64.Build.0 = Release|Any CPU
		{86672094-25CC-4CD5-B085-240E50EC4A5E}.SignedRelease|x86.ActiveCfg = Release|Any CPU
		{86672094-25CC-4CD5-B085-240E50EC4A5E}.SignedRelease|x86.Build.0 = Release|Any CPU
		{AE6E39E5-D1B1-4526-87EA-91B5F02F1A63}.Debug|Any CPU.ActiveCfg = Debug|Any CPU
		{AE6E39E5-D1B1-4526-87EA-91B5F02F1A63}.Debug|Any CPU.Build.0 = Debug|Any CPU
		{AE6E39E5-D1B1-4526-87EA-91B5F02F1A63}.Debug|x64.ActiveCfg = Debug|Any CPU
		{AE6E39E5-D1B1-4526-87EA-91B5F02F1A63}.Debug|x64.Build.0 = Debug|Any CPU
		{AE6E39E5-D1B1-4526-87EA-91B5F02F1A63}.Debug|x86.ActiveCfg = Debug|Any CPU
		{AE6E39E5-D1B1-4526-87EA-91B5F02F1A63}.Debug|x86.Build.0 = Debug|Any CPU
		{AE6E39E5-D1B1-4526-87EA-91B5F02F1A63}.Release|Any CPU.ActiveCfg = Release|Any CPU
		{AE6E39E5-D1B1-4526-87EA-91B5F02F1A63}.Release|Any CPU.Build.0 = Release|Any CPU
		{AE6E39E5-D1B1-4526-87EA-91B5F02F1A63}.Release|x64.ActiveCfg = Release|Any CPU
		{AE6E39E5-D1B1-4526-87EA-91B5F02F1A63}.Release|x64.Build.0 = Release|Any CPU
		{AE6E39E5-D1B1-4526-87EA-91B5F02F1A63}.Release|x86.ActiveCfg = Release|Any CPU
		{AE6E39E5-D1B1-4526-87EA-91B5F02F1A63}.Release|x86.Build.0 = Release|Any CPU
		{AE6E39E5-D1B1-4526-87EA-91B5F02F1A63}.SignedRelease|Any CPU.ActiveCfg = Release|Any CPU
		{AE6E39E5-D1B1-4526-87EA-91B5F02F1A63}.SignedRelease|Any CPU.Build.0 = Release|Any CPU
		{AE6E39E5-D1B1-4526-87EA-91B5F02F1A63}.SignedRelease|x64.ActiveCfg = Release|Any CPU
		{AE6E39E5-D1B1-4526-87EA-91B5F02F1A63}.SignedRelease|x64.Build.0 = Release|Any CPU
		{AE6E39E5-D1B1-4526-87EA-91B5F02F1A63}.SignedRelease|x86.ActiveCfg = Release|Any CPU
		{AE6E39E5-D1B1-4526-87EA-91B5F02F1A63}.SignedRelease|x86.Build.0 = Release|Any CPU
		{20C72E5E-CDB0-4EF8-AA88-2DB30662F732}.Debug|Any CPU.ActiveCfg = Debug|Any CPU
		{20C72E5E-CDB0-4EF8-AA88-2DB30662F732}.Debug|Any CPU.Build.0 = Debug|Any CPU
		{20C72E5E-CDB0-4EF8-AA88-2DB30662F732}.Debug|x64.ActiveCfg = Debug|Any CPU
		{20C72E5E-CDB0-4EF8-AA88-2DB30662F732}.Debug|x64.Build.0 = Debug|Any CPU
		{20C72E5E-CDB0-4EF8-AA88-2DB30662F732}.Debug|x86.ActiveCfg = Debug|Any CPU
		{20C72E5E-CDB0-4EF8-AA88-2DB30662F732}.Debug|x86.Build.0 = Debug|Any CPU
		{20C72E5E-CDB0-4EF8-AA88-2DB30662F732}.Release|Any CPU.ActiveCfg = Release|Any CPU
		{20C72E5E-CDB0-4EF8-AA88-2DB30662F732}.Release|Any CPU.Build.0 = Release|Any CPU
		{20C72E5E-CDB0-4EF8-AA88-2DB30662F732}.Release|x64.ActiveCfg = Release|Any CPU
		{20C72E5E-CDB0-4EF8-AA88-2DB30662F732}.Release|x64.Build.0 = Release|Any CPU
		{20C72E5E-CDB0-4EF8-AA88-2DB30662F732}.Release|x86.ActiveCfg = Release|Any CPU
		{20C72E5E-CDB0-4EF8-AA88-2DB30662F732}.Release|x86.Build.0 = Release|Any CPU
		{20C72E5E-CDB0-4EF8-AA88-2DB30662F732}.SignedRelease|Any CPU.ActiveCfg = SignedRelease|Any CPU
		{20C72E5E-CDB0-4EF8-AA88-2DB30662F732}.SignedRelease|Any CPU.Build.0 = SignedRelease|Any CPU
		{20C72E5E-CDB0-4EF8-AA88-2DB30662F732}.SignedRelease|x64.ActiveCfg = SignedRelease|Any CPU
		{20C72E5E-CDB0-4EF8-AA88-2DB30662F732}.SignedRelease|x64.Build.0 = SignedRelease|Any CPU
		{20C72E5E-CDB0-4EF8-AA88-2DB30662F732}.SignedRelease|x86.ActiveCfg = SignedRelease|Any CPU
		{20C72E5E-CDB0-4EF8-AA88-2DB30662F732}.SignedRelease|x86.Build.0 = SignedRelease|Any CPU
		{4A268849-87A3-44E0-A717-5A1B51981241}.Debug|Any CPU.ActiveCfg = Debug|Any CPU
		{4A268849-87A3-44E0-A717-5A1B51981241}.Debug|Any CPU.Build.0 = Debug|Any CPU
		{4A268849-87A3-44E0-A717-5A1B51981241}.Debug|x64.ActiveCfg = Debug|Any CPU
		{4A268849-87A3-44E0-A717-5A1B51981241}.Debug|x64.Build.0 = Debug|Any CPU
		{4A268849-87A3-44E0-A717-5A1B51981241}.Debug|x86.ActiveCfg = Debug|Any CPU
		{4A268849-87A3-44E0-A717-5A1B51981241}.Debug|x86.Build.0 = Debug|Any CPU
		{4A268849-87A3-44E0-A717-5A1B51981241}.Release|Any CPU.ActiveCfg = Release|Any CPU
		{4A268849-87A3-44E0-A717-5A1B51981241}.Release|Any CPU.Build.0 = Release|Any CPU
		{4A268849-87A3-44E0-A717-5A1B51981241}.Release|x64.ActiveCfg = Release|Any CPU
		{4A268849-87A3-44E0-A717-5A1B51981241}.Release|x64.Build.0 = Release|Any CPU
		{4A268849-87A3-44E0-A717-5A1B51981241}.Release|x86.ActiveCfg = Release|Any CPU
		{4A268849-87A3-44E0-A717-5A1B51981241}.Release|x86.Build.0 = Release|Any CPU
		{4A268849-87A3-44E0-A717-5A1B51981241}.SignedRelease|Any CPU.ActiveCfg = Release|Any CPU
		{4A268849-87A3-44E0-A717-5A1B51981241}.SignedRelease|Any CPU.Build.0 = Release|Any CPU
		{4A268849-87A3-44E0-A717-5A1B51981241}.SignedRelease|x64.ActiveCfg = Release|Any CPU
		{4A268849-87A3-44E0-A717-5A1B51981241}.SignedRelease|x64.Build.0 = Release|Any CPU
		{4A268849-87A3-44E0-A717-5A1B51981241}.SignedRelease|x86.ActiveCfg = Release|Any CPU
		{4A268849-87A3-44E0-A717-5A1B51981241}.SignedRelease|x86.Build.0 = Release|Any CPU
		{04421AB6-68F0-4315-AB5A-9F2486D8DC64}.Debug|Any CPU.ActiveCfg = Debug|Any CPU
		{04421AB6-68F0-4315-AB5A-9F2486D8DC64}.Debug|Any CPU.Build.0 = Debug|Any CPU
		{04421AB6-68F0-4315-AB5A-9F2486D8DC64}.Debug|x64.ActiveCfg = Debug|Any CPU
		{04421AB6-68F0-4315-AB5A-9F2486D8DC64}.Debug|x64.Build.0 = Debug|Any CPU
		{04421AB6-68F0-4315-AB5A-9F2486D8DC64}.Debug|x86.ActiveCfg = Debug|Any CPU
		{04421AB6-68F0-4315-AB5A-9F2486D8DC64}.Debug|x86.Build.0 = Debug|Any CPU
		{04421AB6-68F0-4315-AB5A-9F2486D8DC64}.Release|Any CPU.ActiveCfg = Release|Any CPU
		{04421AB6-68F0-4315-AB5A-9F2486D8DC64}.Release|Any CPU.Build.0 = Release|Any CPU
		{04421AB6-68F0-4315-AB5A-9F2486D8DC64}.Release|x64.ActiveCfg = Release|Any CPU
		{04421AB6-68F0-4315-AB5A-9F2486D8DC64}.Release|x64.Build.0 = Release|Any CPU
		{04421AB6-68F0-4315-AB5A-9F2486D8DC64}.Release|x86.ActiveCfg = Release|Any CPU
		{04421AB6-68F0-4315-AB5A-9F2486D8DC64}.Release|x86.Build.0 = Release|Any CPU
		{04421AB6-68F0-4315-AB5A-9F2486D8DC64}.SignedRelease|Any CPU.ActiveCfg = Release|Any CPU
		{04421AB6-68F0-4315-AB5A-9F2486D8DC64}.SignedRelease|Any CPU.Build.0 = Release|Any CPU
		{04421AB6-68F0-4315-AB5A-9F2486D8DC64}.SignedRelease|x64.ActiveCfg = Release|Any CPU
		{04421AB6-68F0-4315-AB5A-9F2486D8DC64}.SignedRelease|x64.Build.0 = Release|Any CPU
		{04421AB6-68F0-4315-AB5A-9F2486D8DC64}.SignedRelease|x86.ActiveCfg = Release|Any CPU
		{04421AB6-68F0-4315-AB5A-9F2486D8DC64}.SignedRelease|x86.Build.0 = Release|Any CPU
		{2A5CEA66-8BB3-4567-BDFA-9C174FC215F7}.Debug|Any CPU.ActiveCfg = Debug|Any CPU
		{2A5CEA66-8BB3-4567-BDFA-9C174FC215F7}.Debug|Any CPU.Build.0 = Debug|Any CPU
		{2A5CEA66-8BB3-4567-BDFA-9C174FC215F7}.Debug|x64.ActiveCfg = Debug|Any CPU
		{2A5CEA66-8BB3-4567-BDFA-9C174FC215F7}.Debug|x64.Build.0 = Debug|Any CPU
		{2A5CEA66-8BB3-4567-BDFA-9C174FC215F7}.Debug|x86.ActiveCfg = Debug|Any CPU
		{2A5CEA66-8BB3-4567-BDFA-9C174FC215F7}.Debug|x86.Build.0 = Debug|Any CPU
		{2A5CEA66-8BB3-4567-BDFA-9C174FC215F7}.Release|Any CPU.ActiveCfg = Release|Any CPU
		{2A5CEA66-8BB3-4567-BDFA-9C174FC215F7}.Release|Any CPU.Build.0 = Release|Any CPU
		{2A5CEA66-8BB3-4567-BDFA-9C174FC215F7}.Release|x64.ActiveCfg = Release|Any CPU
		{2A5CEA66-8BB3-4567-BDFA-9C174FC215F7}.Release|x64.Build.0 = Release|Any CPU
		{2A5CEA66-8BB3-4567-BDFA-9C174FC215F7}.Release|x86.ActiveCfg = Release|Any CPU
		{2A5CEA66-8BB3-4567-BDFA-9C174FC215F7}.Release|x86.Build.0 = Release|Any CPU
		{2A5CEA66-8BB3-4567-BDFA-9C174FC215F7}.SignedRelease|Any CPU.ActiveCfg = Release|Any CPU
		{2A5CEA66-8BB3-4567-BDFA-9C174FC215F7}.SignedRelease|Any CPU.Build.0 = Release|Any CPU
		{2A5CEA66-8BB3-4567-BDFA-9C174FC215F7}.SignedRelease|x64.ActiveCfg = Release|Any CPU
		{2A5CEA66-8BB3-4567-BDFA-9C174FC215F7}.SignedRelease|x64.Build.0 = Release|Any CPU
		{2A5CEA66-8BB3-4567-BDFA-9C174FC215F7}.SignedRelease|x86.ActiveCfg = Release|Any CPU
		{2A5CEA66-8BB3-4567-BDFA-9C174FC215F7}.SignedRelease|x86.Build.0 = Release|Any CPU
	EndGlobalSection
	GlobalSection(SolutionProperties) = preSolution
		HideSolutionNode = FALSE
	EndGlobalSection
	GlobalSection(NestedProjects) = preSolution
		{DB9BC05E-45F1-4F96-A161-F36BDECAF566} = {3D1B75E7-2CFB-4FA6-92A0-F91EB884D0E4}
		{C4E96DB4-D4FA-4703-A3FD-5D9C30DFBB1E} = {BD7BD6A4-A76C-4D72-BA99-D04F385BE4B1}
		{8659C41C-1EC5-4398-938A-2E7011C32646} = {BD7BD6A4-A76C-4D72-BA99-D04F385BE4B1}
		{649B7C70-EC21-4AC4-B918-C34C84753126} = {3D1B75E7-2CFB-4FA6-92A0-F91EB884D0E4}
		{04E3C581-5A04-4691-82AC-F339947FCE75} = {28D088E0-01AF-4DEF-BA96-25A670D2E153}
		{F1A82A4F-4A57-47D7-AE76-444C8A4FF54A} = {3D1B75E7-2CFB-4FA6-92A0-F91EB884D0E4}
		{B25778DB-97DA-4BA1-BF77-72838658B148} = {28D088E0-01AF-4DEF-BA96-25A670D2E153}
		{A3975C6F-4FDB-43BE-81AB-3357B86173F1} = {0EE3D33B-99BE-4BED-A19C-93FD5086C60E}
		{D882323C-2BC9-4A1D-B70F-D833CF2E91A1} = {AACFE53B-5638-4142-841E-A4200086E6B8}
		{39E61451-F4FE-493D-B754-5F06EB284AAC} = {3D1B75E7-2CFB-4FA6-92A0-F91EB884D0E4}
		{F322715B-FBAD-4C8C-B523-AA723490C05E} = {99AD151E-E03D-44CD-92A1-B0697F0E9777}
		{C222B929-6E9E-4B2E-A98E-CC23EE681047} = {28D088E0-01AF-4DEF-BA96-25A670D2E153}
		{3A45F695-47A2-464C-ACE6-BDABBFA39FBC} = {3D1B75E7-2CFB-4FA6-92A0-F91EB884D0E4}
		{8553ABC7-ABFA-4A21-B0E8-68B7DE76129D} = {8884281D-262F-4EFF-B379-DE674E03A802}
		{B09A6D4C-862C-4B5B-9C05-4160ED7CCA4A} = {8884281D-262F-4EFF-B379-DE674E03A802}
		{0FDBD4DB-30AE-4E1D-AAE1-5FE1370DCE3F} = {AACFE53B-5638-4142-841E-A4200086E6B8}
		{F17BD798-699C-4558-AE75-F2AC97B52E86} = {0031AF94-A1A4-415B-BEB2-D5D757985D86}
		{F51377FB-1E69-40BD-884B-6BB311CB9B0E} = {AF52F0A3-6A45-4666-B973-80BE0159FAA2}
		{33836324-C699-4139-AB9C-7524570A04D5} = {034029A9-C588-4CD7-9FF3-69CD4F82DB8E}
		{8F1714CE-CCCE-4EF9-8F2F-B8223D35FDB8} = {034029A9-C588-4CD7-9FF3-69CD4F82DB8E}
		{AACFE53B-5638-4142-841E-A4200086E6B8} = {A1C82EDF-C27A-4A7A-A186-09E88BF63F36}
		{65EF51C6-5CB8-43B8-AE65-4A68F0B44AD2} = {AACFE53B-5638-4142-841E-A4200086E6B8}
		{265614D8-DF9D-4AC8-BB31-8766A0B0CA20} = {05B134E7-8762-4F4D-8441-91E10F6FAB72}
		{4F5D3E16-3FAB-4244-B3F0-98983E6C6F69} = {05B134E7-8762-4F4D-8441-91E10F6FAB72}
		{CCEAA09F-7B59-45EC-B969-3A740C2AEBAA} = {3D1B75E7-2CFB-4FA6-92A0-F91EB884D0E4}
		{28D088E0-01AF-4DEF-BA96-25A670D2E153} = {A1C82EDF-C27A-4A7A-A186-09E88BF63F36}
		{034029A9-C588-4CD7-9FF3-69CD4F82DB8E} = {A1C82EDF-C27A-4A7A-A186-09E88BF63F36}
		{05B134E7-8762-4F4D-8441-91E10F6FAB72} = {A1C82EDF-C27A-4A7A-A186-09E88BF63F36}
		{8884281D-262F-4EFF-B379-DE674E03A802} = {2914F4AD-4661-4C73-ADB6-B1D91C11C569}
		{BD7BD6A4-A76C-4D72-BA99-D04F385BE4B1} = {2914F4AD-4661-4C73-ADB6-B1D91C11C569}
		{09033283-267F-49DE-AAAF-0B54C749D1A1} = {034029A9-C588-4CD7-9FF3-69CD4F82DB8E}
		{1287B457-DF5C-4381-BD3E-A66524519BB9} = {2914F4AD-4661-4C73-ADB6-B1D91C11C569}
		{18A9F102-023E-4E17-8A70-A91365E1510D} = {1287B457-DF5C-4381-BD3E-A66524519BB9}
		{23699F04-DA75-4889-AA00-7F6F4B5FCFBB} = {E512EAF6-9A58-4D1C-8A46-C2D5C6CD793B}
		{5A60D6E2-72DD-478A-91A6-E928208CA1BA} = {E512EAF6-9A58-4D1C-8A46-C2D5C6CD793B}
		{3BFD6EE6-0267-4D82-BE7D-9B48B2F6F3D4} = {0031AF94-A1A4-415B-BEB2-D5D757985D86}
		{6AFCADBB-4505-43FD-A1BA-ED7DBC1BB232} = {0031AF94-A1A4-415B-BEB2-D5D757985D86}
		{CAD6BCB7-758B-4AA4-A5FE-A9FAB8A4CF2F} = {0031AF94-A1A4-415B-BEB2-D5D757985D86}
		{ECE9B280-9647-4092-BABF-EB2E25084670} = {3D1B75E7-2CFB-4FA6-92A0-F91EB884D0E4}
		{99AD151E-E03D-44CD-92A1-B0697F0E9777} = {3D1B75E7-2CFB-4FA6-92A0-F91EB884D0E4}
		{59B5E3BE-790E-451F-BACA-631369CF535C} = {99AD151E-E03D-44CD-92A1-B0697F0E9777}
		{EBF0386E-B082-47C3-9E2A-AB228E2035B3} = {034029A9-C588-4CD7-9FF3-69CD4F82DB8E}
		{F3D2FA84-C398-4390-9834-1272CC2D6F89} = {05B134E7-8762-4F4D-8441-91E10F6FAB72}
		{5E587D57-FBB9-4064-9444-47B40C4BAD8F} = {133B014A-327F-4BAA-8E59-0585C4EB6747}
		{F2B51AC4-4710-4B45-8BF7-E480F375FC90} = {133B014A-327F-4BAA-8E59-0585C4EB6747}
		{9983DFE5-1223-4E66-AF85-F592347655A4} = {2914F4AD-4661-4C73-ADB6-B1D91C11C569}
		{219B42C9-D256-44A4-AB99-C0B31E0DDACA} = {2914F4AD-4661-4C73-ADB6-B1D91C11C569}
		{AA364BAC-BA47-4548-BD4B-31C0A73277B7} = {9983DFE5-1223-4E66-AF85-F592347655A4}
		{F38ED54C-E4E4-499A-882E-736289F332C0} = {219B42C9-D256-44A4-AB99-C0B31E0DDACA}
		{11407ADB-E336-4C0C-AF8E-EA6B601BA69E} = {219B42C9-D256-44A4-AB99-C0B31E0DDACA}
		{407C87E6-A1F3-45E6-B883-A8176B350817} = {219B42C9-D256-44A4-AB99-C0B31E0DDACA}
		{BFC58F38-9023-4700-B35C-AA933A608E43} = {219B42C9-D256-44A4-AB99-C0B31E0DDACA}
		{86672094-25CC-4CD5-B085-240E50EC4A5E} = {8884281D-262F-4EFF-B379-DE674E03A802}
		{AE6E39E5-D1B1-4526-87EA-91B5F02F1A63} = {CBC93EDA-C8E7-4D3A-98E0-5DF80E7C3C4A}
		{20C72E5E-CDB0-4EF8-AA88-2DB30662F732} = {AF52F0A3-6A45-4666-B973-80BE0159FAA2}
		{4A268849-87A3-44E0-A717-5A1B51981241} = {CBC93EDA-C8E7-4D3A-98E0-5DF80E7C3C4A}
		{1BBAFA9D-55D0-4F97-9352-722DB073CD5A} = {AF52F0A3-6A45-4666-B973-80BE0159FAA2}
		{04421AB6-68F0-4315-AB5A-9F2486D8DC64} = {1BBAFA9D-55D0-4F97-9352-722DB073CD5A}
		{2A5CEA66-8BB3-4567-BDFA-9C174FC215F7} = {1287B457-DF5C-4381-BD3E-A66524519BB9}
	EndGlobalSection
EndGlobal
