
Microsoft Visual Studio Solution File, Format Version 12.00
# Visual Studio 14
VisualStudioVersion = 14.0.25123.0
MinimumVisualStudioVersion = 10.0.40219.1
Project("{2150E333-8FDC-42A3-9474-1A3956D46DE8}") = "Persistence", "Persistence", "{2914F4AD-4661-4C73-ADB6-B1D91C11C569}"
EndProject
Project("{2150E333-8FDC-42A3-9474-1A3956D46DE8}") = "Core", "Core", "{3D1B75E7-2CFB-4FA6-92A0-F91EB884D0E4}"
EndProject
Project("{FAE04EC0-301F-11D3-BF4B-00C04F79EFBC}") = "OpenIZ.Core", "OpenIZ.Core\OpenIZ.Core.csproj", "{DB9BC05E-45F1-4F96-A161-F36BDECAF566}"
EndProject
Project("{FAE04EC0-301F-11D3-BF4B-00C04F79EFBC}") = "OpenIZ.Persistence.Data.MSSQL", "OpenIZ.Persistence.Data.MSSQL\OpenIZ.Persistence.Data.MSSQL.csproj", "{C4E96DB4-D4FA-4703-A3FD-5D9C30DFBB1E}"
EndProject
Project("{FAE04EC0-301F-11D3-BF4B-00C04F79EFBC}") = "OpenIZ.Persistence.Data.MSSQL.Test", "OpenIZ.Persistence.Data.MSSQL.Test\OpenIZ.Persistence.Data.MSSQL.Test.csproj", "{8659C41C-1EC5-4398-938A-2E7011C32646}"
EndProject
Project("{FAE04EC0-301F-11D3-BF4B-00C04F79EFBC}") = "OpenIZ", "OpenIZ\OpenIZ.csproj", "{649B7C70-EC21-4AC4-B918-C34C84753126}"
EndProject
Project("{2150E333-8FDC-42A3-9474-1A3956D46DE8}") = "Messaging", "Messaging", "{A1C82EDF-C27A-4A7A-A186-09E88BF63F36}"
EndProject
Project("{FAE04EC0-301F-11D3-BF4B-00C04F79EFBC}") = "OpenIZ.Messaging.IMSI", "OpenIZ.Messaging.IMSI\OpenIZ.Messaging.IMSI.csproj", "{04E3C581-5A04-4691-82AC-F339947FCE75}"
EndProject
Project("{FAE04EC0-301F-11D3-BF4B-00C04F79EFBC}") = "OpenIZ.Core.Model", "OpenIZ.Core.Model\OpenIZ.Core.Model.csproj", "{F1A82A4F-4A57-47D7-AE76-444C8A4FF54A}"
EndProject
Project("{FAE04EC0-301F-11D3-BF4B-00C04F79EFBC}") = "OpenIZ.Messaging.IMSI.Test", "OpenIZ.Messaging.IMSI.Test\OpenIZ.Messaging.IMSI.Test.csproj", "{B25778DB-97DA-4BA1-BF77-72838658B148}"
EndProject
Project("{FAE04EC0-301F-11D3-BF4B-00C04F79EFBC}") = "OpenIZ.Persistence.Data.PSQL", "OpenIZ.Persistence.Data.PSQL\OpenIZ.Persistence.Data.PSQL.csproj", "{F38ED54C-E4E4-499A-882E-736289F332C0}"
EndProject
Project("{2150E333-8FDC-42A3-9474-1A3956D46DE8}") = "Auth", "Auth", "{0EE3D33B-99BE-4BED-A19C-93FD5086C60E}"
EndProject
Project("{FAE04EC0-301F-11D3-BF4B-00C04F79EFBC}") = "OpenIZ.Authentication.OAuth2", "OpenIZ.Authentication.AccessControlService\OpenIZ.Authentication.OAuth2.csproj", "{A3975C6F-4FDB-43BE-81AB-3357B86173F1}"
EndProject
Project("{FAE04EC0-301F-11D3-BF4B-00C04F79EFBC}") = "OpenIZ.Messaging.AMI", "OpenIZ.Messaging.AMI\OpenIZ.Messaging.AMI.csproj", "{D882323C-2BC9-4A1D-B70F-D833CF2E91A1}"
EndProject
Project("{FAE04EC0-301F-11D3-BF4B-00C04F79EFBC}") = "OpenIZ.Core.Applets", "OpenIZ.Core.Applets\OpenIZ.Core.Applets.csproj", "{39E61451-F4FE-493D-B754-5F06EB284AAC}"
EndProject
Project("{FAE04EC0-301F-11D3-BF4B-00C04F79EFBC}") = "OpenIZ.Core.Applets.Test", "OpenIZ.Core.Applets.Test\OpenIZ.Core.Applets.Test.csproj", "{F322715B-FBAD-4C8C-B523-AA723490C05E}"
EndProject
Project("{FAE04EC0-301F-11D3-BF4B-00C04F79EFBC}") = "OpenIZ.Messaging.IMSI.Client", "OpenIZ.Messaging.IMSI.Client\OpenIZ.Messaging.IMSI.Client.csproj", "{C222B929-6E9E-4B2E-A98E-CC23EE681047}"
EndProject
Project("{FAE04EC0-301F-11D3-BF4B-00C04F79EFBC}") = "OpenIZ.Core.PCL", "OpenIZ.Core.PCL\OpenIZ.Core.PCL.csproj", "{3A45F695-47A2-464C-ACE6-BDABBFA39FBC}"
EndProject
Project("{2150E333-8FDC-42A3-9474-1A3956D46DE8}") = "Util", "Util", "{AF52F0A3-6A45-4666-B973-80BE0159FAA2}"
EndProject
Project("{FAE04EC0-301F-11D3-BF4B-00C04F79EFBC}") = "AppletCompiler", "AppletCompiler\AppletCompiler.csproj", "{C83CABC0-A612-4F6D-AFDB-0E2B4C98CDEE}"
EndProject
Project("{FAE04EC0-301F-11D3-BF4B-00C04F79EFBC}") = "OpenIZ.Caching.Memory", "OpenIZ.Caching.Memory\OpenIZ.Caching.Memory.csproj", "{8553ABC7-ABFA-4A21-B0E8-68B7DE76129D}"
EndProject
Project("{FAE04EC0-301F-11D3-BF4B-00C04F79EFBC}") = "OpenIZ.Caching.Memory.Test", "OpenIZ.Caching.Memory.Test\OpenIZ.Caching.Memory.Test.csproj", "{B09A6D4C-862C-4B5B-9C05-4160ED7CCA4A}"
EndProject
Project("{FAE04EC0-301F-11D3-BF4B-00C04F79EFBC}") = "OpenIZ.Messaging.AMI.Client", "OpenIZ.Messaging.AMI.Client\OpenIZ.Messaging.AMI.Client.csproj", "{0FDBD4DB-30AE-4E1D-AAE1-5FE1370DCE3F}"
EndProject
Project("{2150E333-8FDC-42A3-9474-1A3956D46DE8}") = "DecisionSupport", "DecisionSupport", "{0031AF94-A1A4-415B-BEB2-D5D757985D86}"
EndProject
Project("{FAE04EC0-301F-11D3-BF4B-00C04F79EFBC}") = "OpenIZ.Protocol.Xml", "OpenIZ.Protocol.Xml\OpenIZ.Protocol.Xml.csproj", "{CAD6BCB7-758B-4AA4-A5FE-A9FAB8A4CF2F}"
EndProject
Project("{FAE04EC0-301F-11D3-BF4B-00C04F79EFBC}") = "OpenIZ.Protocol.Xml.Test", "OpenIZ.Protocol.Xml.Test\OpenIZ.Protocol.Xml.Test.csproj", "{F17BD798-699C-4558-AE75-F2AC97B52E86}"
EndProject
Project("{FAE04EC0-301F-11D3-BF4B-00C04F79EFBC}") = "DatasetTool", "DatasetTool\DatasetTool.csproj", "{F51377FB-1E69-40BD-884B-6BB311CB9B0E}"
EndProject
Project("{FAE04EC0-301F-11D3-BF4B-00C04F79EFBC}") = "OpenIZ.Core.Model.AMI", "OpenIZ.Core.Model.AMI\OpenIZ.Core.Model.AMI.csproj", "{65EF51C6-5CB8-43B8-AE65-4A68F0B44AD2}"
EndProject
Project("{FAE04EC0-301F-11D3-BF4B-00C04F79EFBC}") = "OpenIZ.Messaging.FHIR", "OpenIZ.Messaging.FHIR\OpenIZ.Messaging.FHIR.csproj", "{33836324-C699-4139-AB9C-7524570A04D5}"
EndProject
Global
	GlobalSection(SolutionConfigurationPlatforms) = preSolution
		Debug|Any CPU = Debug|Any CPU
		Release|Any CPU = Release|Any CPU
	EndGlobalSection
	GlobalSection(ProjectConfigurationPlatforms) = postSolution
		{DB9BC05E-45F1-4F96-A161-F36BDECAF566}.Debug|Any CPU.ActiveCfg = Debug|Any CPU
		{DB9BC05E-45F1-4F96-A161-F36BDECAF566}.Debug|Any CPU.Build.0 = Debug|Any CPU
		{DB9BC05E-45F1-4F96-A161-F36BDECAF566}.Release|Any CPU.ActiveCfg = Release|Any CPU
		{DB9BC05E-45F1-4F96-A161-F36BDECAF566}.Release|Any CPU.Build.0 = Release|Any CPU
		{C4E96DB4-D4FA-4703-A3FD-5D9C30DFBB1E}.Debug|Any CPU.ActiveCfg = Debug|Any CPU
		{C4E96DB4-D4FA-4703-A3FD-5D9C30DFBB1E}.Debug|Any CPU.Build.0 = Debug|Any CPU
		{C4E96DB4-D4FA-4703-A3FD-5D9C30DFBB1E}.Release|Any CPU.ActiveCfg = Release|Any CPU
		{C4E96DB4-D4FA-4703-A3FD-5D9C30DFBB1E}.Release|Any CPU.Build.0 = Release|Any CPU
		{8659C41C-1EC5-4398-938A-2E7011C32646}.Debug|Any CPU.ActiveCfg = Debug|Any CPU
		{8659C41C-1EC5-4398-938A-2E7011C32646}.Debug|Any CPU.Build.0 = Debug|Any CPU
		{8659C41C-1EC5-4398-938A-2E7011C32646}.Release|Any CPU.ActiveCfg = Release|Any CPU
		{8659C41C-1EC5-4398-938A-2E7011C32646}.Release|Any CPU.Build.0 = Release|Any CPU
		{649B7C70-EC21-4AC4-B918-C34C84753126}.Debug|Any CPU.ActiveCfg = Debug|Any CPU
		{649B7C70-EC21-4AC4-B918-C34C84753126}.Debug|Any CPU.Build.0 = Debug|Any CPU
		{649B7C70-EC21-4AC4-B918-C34C84753126}.Release|Any CPU.ActiveCfg = Release|Any CPU
		{649B7C70-EC21-4AC4-B918-C34C84753126}.Release|Any CPU.Build.0 = Release|Any CPU
		{04E3C581-5A04-4691-82AC-F339947FCE75}.Debug|Any CPU.ActiveCfg = Debug|Any CPU
		{04E3C581-5A04-4691-82AC-F339947FCE75}.Debug|Any CPU.Build.0 = Debug|Any CPU
		{04E3C581-5A04-4691-82AC-F339947FCE75}.Release|Any CPU.ActiveCfg = Release|Any CPU
		{04E3C581-5A04-4691-82AC-F339947FCE75}.Release|Any CPU.Build.0 = Release|Any CPU
		{F1A82A4F-4A57-47D7-AE76-444C8A4FF54A}.Debug|Any CPU.ActiveCfg = Debug|Any CPU
		{F1A82A4F-4A57-47D7-AE76-444C8A4FF54A}.Debug|Any CPU.Build.0 = Debug|Any CPU
		{F1A82A4F-4A57-47D7-AE76-444C8A4FF54A}.Release|Any CPU.ActiveCfg = Release|Any CPU
		{F1A82A4F-4A57-47D7-AE76-444C8A4FF54A}.Release|Any CPU.Build.0 = Release|Any CPU
		{B25778DB-97DA-4BA1-BF77-72838658B148}.Debug|Any CPU.ActiveCfg = Debug|Any CPU
		{B25778DB-97DA-4BA1-BF77-72838658B148}.Debug|Any CPU.Build.0 = Debug|Any CPU
		{B25778DB-97DA-4BA1-BF77-72838658B148}.Release|Any CPU.ActiveCfg = Release|Any CPU
		{B25778DB-97DA-4BA1-BF77-72838658B148}.Release|Any CPU.Build.0 = Release|Any CPU
		{F38ED54C-E4E4-499A-882E-736289F332C0}.Debug|Any CPU.ActiveCfg = Debug|Any CPU
		{F38ED54C-E4E4-499A-882E-736289F332C0}.Debug|Any CPU.Build.0 = Debug|Any CPU
		{F38ED54C-E4E4-499A-882E-736289F332C0}.Release|Any CPU.ActiveCfg = Release|Any CPU
		{F38ED54C-E4E4-499A-882E-736289F332C0}.Release|Any CPU.Build.0 = Release|Any CPU
		{A3975C6F-4FDB-43BE-81AB-3357B86173F1}.Debug|Any CPU.ActiveCfg = Debug|Any CPU
		{A3975C6F-4FDB-43BE-81AB-3357B86173F1}.Debug|Any CPU.Build.0 = Debug|Any CPU
		{A3975C6F-4FDB-43BE-81AB-3357B86173F1}.Release|Any CPU.ActiveCfg = Release|Any CPU
		{A3975C6F-4FDB-43BE-81AB-3357B86173F1}.Release|Any CPU.Build.0 = Release|Any CPU
		{D882323C-2BC9-4A1D-B70F-D833CF2E91A1}.Debug|Any CPU.ActiveCfg = Debug|Any CPU
		{D882323C-2BC9-4A1D-B70F-D833CF2E91A1}.Debug|Any CPU.Build.0 = Debug|Any CPU
		{D882323C-2BC9-4A1D-B70F-D833CF2E91A1}.Release|Any CPU.ActiveCfg = Release|Any CPU
		{D882323C-2BC9-4A1D-B70F-D833CF2E91A1}.Release|Any CPU.Build.0 = Release|Any CPU
		{39E61451-F4FE-493D-B754-5F06EB284AAC}.Debug|Any CPU.ActiveCfg = Debug|Any CPU
		{39E61451-F4FE-493D-B754-5F06EB284AAC}.Debug|Any CPU.Build.0 = Debug|Any CPU
		{39E61451-F4FE-493D-B754-5F06EB284AAC}.Release|Any CPU.ActiveCfg = Release|Any CPU
		{39E61451-F4FE-493D-B754-5F06EB284AAC}.Release|Any CPU.Build.0 = Release|Any CPU
		{F322715B-FBAD-4C8C-B523-AA723490C05E}.Debug|Any CPU.ActiveCfg = Debug|Any CPU
		{F322715B-FBAD-4C8C-B523-AA723490C05E}.Debug|Any CPU.Build.0 = Debug|Any CPU
		{F322715B-FBAD-4C8C-B523-AA723490C05E}.Release|Any CPU.ActiveCfg = Release|Any CPU
		{F322715B-FBAD-4C8C-B523-AA723490C05E}.Release|Any CPU.Build.0 = Release|Any CPU
		{C222B929-6E9E-4B2E-A98E-CC23EE681047}.Debug|Any CPU.ActiveCfg = Debug|Any CPU
		{C222B929-6E9E-4B2E-A98E-CC23EE681047}.Debug|Any CPU.Build.0 = Debug|Any CPU
		{C222B929-6E9E-4B2E-A98E-CC23EE681047}.Release|Any CPU.ActiveCfg = Release|Any CPU
		{C222B929-6E9E-4B2E-A98E-CC23EE681047}.Release|Any CPU.Build.0 = Release|Any CPU
		{3A45F695-47A2-464C-ACE6-BDABBFA39FBC}.Debug|Any CPU.ActiveCfg = Debug|Any CPU
		{3A45F695-47A2-464C-ACE6-BDABBFA39FBC}.Debug|Any CPU.Build.0 = Debug|Any CPU
		{3A45F695-47A2-464C-ACE6-BDABBFA39FBC}.Release|Any CPU.ActiveCfg = Release|Any CPU
		{3A45F695-47A2-464C-ACE6-BDABBFA39FBC}.Release|Any CPU.Build.0 = Release|Any CPU
		{C83CABC0-A612-4F6D-AFDB-0E2B4C98CDEE}.Debug|Any CPU.ActiveCfg = Debug|Any CPU
		{C83CABC0-A612-4F6D-AFDB-0E2B4C98CDEE}.Debug|Any CPU.Build.0 = Debug|Any CPU
		{C83CABC0-A612-4F6D-AFDB-0E2B4C98CDEE}.Release|Any CPU.ActiveCfg = Release|Any CPU
		{C83CABC0-A612-4F6D-AFDB-0E2B4C98CDEE}.Release|Any CPU.Build.0 = Release|Any CPU
		{8553ABC7-ABFA-4A21-B0E8-68B7DE76129D}.Debug|Any CPU.ActiveCfg = Debug|Any CPU
		{8553ABC7-ABFA-4A21-B0E8-68B7DE76129D}.Debug|Any CPU.Build.0 = Debug|Any CPU
		{8553ABC7-ABFA-4A21-B0E8-68B7DE76129D}.Release|Any CPU.ActiveCfg = Release|Any CPU
		{8553ABC7-ABFA-4A21-B0E8-68B7DE76129D}.Release|Any CPU.Build.0 = Release|Any CPU
		{B09A6D4C-862C-4B5B-9C05-4160ED7CCA4A}.Debug|Any CPU.ActiveCfg = Debug|Any CPU
		{B09A6D4C-862C-4B5B-9C05-4160ED7CCA4A}.Debug|Any CPU.Build.0 = Debug|Any CPU
		{B09A6D4C-862C-4B5B-9C05-4160ED7CCA4A}.Release|Any CPU.ActiveCfg = Release|Any CPU
		{B09A6D4C-862C-4B5B-9C05-4160ED7CCA4A}.Release|Any CPU.Build.0 = Release|Any CPU
		{0FDBD4DB-30AE-4E1D-AAE1-5FE1370DCE3F}.Debug|Any CPU.ActiveCfg = Debug|Any CPU
		{0FDBD4DB-30AE-4E1D-AAE1-5FE1370DCE3F}.Debug|Any CPU.Build.0 = Debug|Any CPU
		{0FDBD4DB-30AE-4E1D-AAE1-5FE1370DCE3F}.Release|Any CPU.ActiveCfg = Release|Any CPU
		{0FDBD4DB-30AE-4E1D-AAE1-5FE1370DCE3F}.Release|Any CPU.Build.0 = Release|Any CPU
		{CAD6BCB7-758B-4AA4-A5FE-A9FAB8A4CF2F}.Debug|Any CPU.ActiveCfg = Debug|Any CPU
		{CAD6BCB7-758B-4AA4-A5FE-A9FAB8A4CF2F}.Debug|Any CPU.Build.0 = Debug|Any CPU
		{CAD6BCB7-758B-4AA4-A5FE-A9FAB8A4CF2F}.Release|Any CPU.ActiveCfg = Release|Any CPU
		{CAD6BCB7-758B-4AA4-A5FE-A9FAB8A4CF2F}.Release|Any CPU.Build.0 = Release|Any CPU
		{F17BD798-699C-4558-AE75-F2AC97B52E86}.Debug|Any CPU.ActiveCfg = Debug|Any CPU
		{F17BD798-699C-4558-AE75-F2AC97B52E86}.Debug|Any CPU.Build.0 = Debug|Any CPU
		{F17BD798-699C-4558-AE75-F2AC97B52E86}.Release|Any CPU.ActiveCfg = Release|Any CPU
		{F17BD798-699C-4558-AE75-F2AC97B52E86}.Release|Any CPU.Build.0 = Release|Any CPU
		{F51377FB-1E69-40BD-884B-6BB311CB9B0E}.Debug|Any CPU.ActiveCfg = Debug|Any CPU
		{F51377FB-1E69-40BD-884B-6BB311CB9B0E}.Debug|Any CPU.Build.0 = Debug|Any CPU
		{F51377FB-1E69-40BD-884B-6BB311CB9B0E}.Release|Any CPU.ActiveCfg = Release|Any CPU
		{F51377FB-1E69-40BD-884B-6BB311CB9B0E}.Release|Any CPU.Build.0 = Release|Any CPU
		{65EF51C6-5CB8-43B8-AE65-4A68F0B44AD2}.Debug|Any CPU.ActiveCfg = Debug|Any CPU
		{65EF51C6-5CB8-43B8-AE65-4A68F0B44AD2}.Debug|Any CPU.Build.0 = Debug|Any CPU
		{65EF51C6-5CB8-43B8-AE65-4A68F0B44AD2}.Release|Any CPU.ActiveCfg = Release|Any CPU
		{65EF51C6-5CB8-43B8-AE65-4A68F0B44AD2}.Release|Any CPU.Build.0 = Release|Any CPU
		{33836324-C699-4139-AB9C-7524570A04D5}.Debug|Any CPU.ActiveCfg = Debug|Any CPU
		{33836324-C699-4139-AB9C-7524570A04D5}.Debug|Any CPU.Build.0 = Debug|Any CPU
		{33836324-C699-4139-AB9C-7524570A04D5}.Release|Any CPU.ActiveCfg = Release|Any CPU
		{33836324-C699-4139-AB9C-7524570A04D5}.Release|Any CPU.Build.0 = Release|Any CPU
	EndGlobalSection
	GlobalSection(SolutionProperties) = preSolution
		HideSolutionNode = FALSE
	EndGlobalSection
	GlobalSection(NestedProjects) = preSolution
		{DB9BC05E-45F1-4F96-A161-F36BDECAF566} = {3D1B75E7-2CFB-4FA6-92A0-F91EB884D0E4}
		{C4E96DB4-D4FA-4703-A3FD-5D9C30DFBB1E} = {2914F4AD-4661-4C73-ADB6-B1D91C11C569}
		{8659C41C-1EC5-4398-938A-2E7011C32646} = {2914F4AD-4661-4C73-ADB6-B1D91C11C569}
		{649B7C70-EC21-4AC4-B918-C34C84753126} = {3D1B75E7-2CFB-4FA6-92A0-F91EB884D0E4}
		{04E3C581-5A04-4691-82AC-F339947FCE75} = {A1C82EDF-C27A-4A7A-A186-09E88BF63F36}
		{F1A82A4F-4A57-47D7-AE76-444C8A4FF54A} = {3D1B75E7-2CFB-4FA6-92A0-F91EB884D0E4}
		{B25778DB-97DA-4BA1-BF77-72838658B148} = {A1C82EDF-C27A-4A7A-A186-09E88BF63F36}
		{F38ED54C-E4E4-499A-882E-736289F332C0} = {2914F4AD-4661-4C73-ADB6-B1D91C11C569}
		{A3975C6F-4FDB-43BE-81AB-3357B86173F1} = {0EE3D33B-99BE-4BED-A19C-93FD5086C60E}
		{D882323C-2BC9-4A1D-B70F-D833CF2E91A1} = {A1C82EDF-C27A-4A7A-A186-09E88BF63F36}
		{39E61451-F4FE-493D-B754-5F06EB284AAC} = {3D1B75E7-2CFB-4FA6-92A0-F91EB884D0E4}
		{F322715B-FBAD-4C8C-B523-AA723490C05E} = {3D1B75E7-2CFB-4FA6-92A0-F91EB884D0E4}
		{C222B929-6E9E-4B2E-A98E-CC23EE681047} = {A1C82EDF-C27A-4A7A-A186-09E88BF63F36}
		{3A45F695-47A2-464C-ACE6-BDABBFA39FBC} = {3D1B75E7-2CFB-4FA6-92A0-F91EB884D0E4}
		{C83CABC0-A612-4F6D-AFDB-0E2B4C98CDEE} = {AF52F0A3-6A45-4666-B973-80BE0159FAA2}
		{8553ABC7-ABFA-4A21-B0E8-68B7DE76129D} = {2914F4AD-4661-4C73-ADB6-B1D91C11C569}
		{B09A6D4C-862C-4B5B-9C05-4160ED7CCA4A} = {2914F4AD-4661-4C73-ADB6-B1D91C11C569}
		{0FDBD4DB-30AE-4E1D-AAE1-5FE1370DCE3F} = {A1C82EDF-C27A-4A7A-A186-09E88BF63F36}
		{CAD6BCB7-758B-4AA4-A5FE-A9FAB8A4CF2F} = {0031AF94-A1A4-415B-BEB2-D5D757985D86}
		{F17BD798-699C-4558-AE75-F2AC97B52E86} = {0031AF94-A1A4-415B-BEB2-D5D757985D86}
		{F51377FB-1E69-40BD-884B-6BB311CB9B0E} = {AF52F0A3-6A45-4666-B973-80BE0159FAA2}
		{65EF51C6-5CB8-43B8-AE65-4A68F0B44AD2} = {3D1B75E7-2CFB-4FA6-92A0-F91EB884D0E4}
		{33836324-C699-4139-AB9C-7524570A04D5} = {A1C82EDF-C27A-4A7A-A186-09E88BF63F36}
	EndGlobalSection
EndGlobal
