
Microsoft Visual Studio Solution File, Format Version 12.00
# Visual Studio 14
VisualStudioVersion = 14.0.23107.0
MinimumVisualStudioVersion = 10.0.40219.1
Project("{2150E333-8FDC-42A3-9474-1A3956D46DE8}") = "Persistence", "Persistence", "{2914F4AD-4661-4C73-ADB6-B1D91C11C569}"
EndProject
Project("{2150E333-8FDC-42A3-9474-1A3956D46DE8}") = "Core", "Core", "{3D1B75E7-2CFB-4FA6-92A0-F91EB884D0E4}"
EndProject
Project("{FAE04EC0-301F-11D3-BF4B-00C04F79EFBC}") = "OpenIZ.Core", "OpenIZ.Core\OpenIZ.Core.csproj", "{DB9BC05E-45F1-4F96-A161-F36BDECAF566}"
EndProject
Project("{FAE04EC0-301F-11D3-BF4B-00C04F79EFBC}") = "OpenIZ.Persistence.Data.MSSQL", "OpenIZ.Persistence.Data.MSSQL\OpenIZ.Persistence.Data.MSSQL.csproj", "{C4E96DB4-D4FA-4703-A3FD-5D9C30DFBB1E}"
EndProject
Project("{FAE04EC0-301F-11D3-BF4B-00C04F79EFBC}") = "OpenIZ.Persistence.Data.MSSQL.Test", "OpenIZ.Persistence.Data.MSSQL.Test\OpenIZ.Persistence.Data.MSSQL.Test.csproj", "{8659C41C-1EC5-4398-938A-2E7011C32646}"
EndProject
Project("{FAE04EC0-301F-11D3-BF4B-00C04F79EFBC}") = "OpenIZ", "OpenIZ\OpenIZ.csproj", "{649B7C70-EC21-4AC4-B918-C34C84753126}"
EndProject
Global
	GlobalSection(SolutionConfigurationPlatforms) = preSolution
		Debug|Any CPU = Debug|Any CPU
		Release|Any CPU = Release|Any CPU
	EndGlobalSection
	GlobalSection(ProjectConfigurationPlatforms) = postSolution
		{DB9BC05E-45F1-4F96-A161-F36BDECAF566}.Debug|Any CPU.ActiveCfg = Debug|Any CPU
		{DB9BC05E-45F1-4F96-A161-F36BDECAF566}.Debug|Any CPU.Build.0 = Debug|Any CPU
		{DB9BC05E-45F1-4F96-A161-F36BDECAF566}.Release|Any CPU.ActiveCfg = Release|Any CPU
		{DB9BC05E-45F1-4F96-A161-F36BDECAF566}.Release|Any CPU.Build.0 = Release|Any CPU
		{C4E96DB4-D4FA-4703-A3FD-5D9C30DFBB1E}.Debug|Any CPU.ActiveCfg = Debug|Any CPU
		{C4E96DB4-D4FA-4703-A3FD-5D9C30DFBB1E}.Debug|Any CPU.Build.0 = Debug|Any CPU
		{C4E96DB4-D4FA-4703-A3FD-5D9C30DFBB1E}.Release|Any CPU.ActiveCfg = Release|Any CPU
		{C4E96DB4-D4FA-4703-A3FD-5D9C30DFBB1E}.Release|Any CPU.Build.0 = Release|Any CPU
		{8659C41C-1EC5-4398-938A-2E7011C32646}.Debug|Any CPU.ActiveCfg = Debug|Any CPU
		{8659C41C-1EC5-4398-938A-2E7011C32646}.Debug|Any CPU.Build.0 = Debug|Any CPU
		{8659C41C-1EC5-4398-938A-2E7011C32646}.Release|Any CPU.ActiveCfg = Release|Any CPU
		{8659C41C-1EC5-4398-938A-2E7011C32646}.Release|Any CPU.Build.0 = Release|Any CPU
		{649B7C70-EC21-4AC4-B918-C34C84753126}.Debug|Any CPU.ActiveCfg = Debug|Any CPU
		{649B7C70-EC21-4AC4-B918-C34C84753126}.Debug|Any CPU.Build.0 = Debug|Any CPU
		{649B7C70-EC21-4AC4-B918-C34C84753126}.Release|Any CPU.ActiveCfg = Release|Any CPU
		{649B7C70-EC21-4AC4-B918-C34C84753126}.Release|Any CPU.Build.0 = Release|Any CPU
	EndGlobalSection
	GlobalSection(SolutionProperties) = preSolution
		HideSolutionNode = FALSE
	EndGlobalSection
	GlobalSection(NestedProjects) = preSolution
		{DB9BC05E-45F1-4F96-A161-F36BDECAF566} = {3D1B75E7-2CFB-4FA6-92A0-F91EB884D0E4}
		{C4E96DB4-D4FA-4703-A3FD-5D9C30DFBB1E} = {2914F4AD-4661-4C73-ADB6-B1D91C11C569}
		{8659C41C-1EC5-4398-938A-2E7011C32646} = {2914F4AD-4661-4C73-ADB6-B1D91C11C569}
		{649B7C70-EC21-4AC4-B918-C34C84753126} = {3D1B75E7-2CFB-4FA6-92A0-F91EB884D0E4}
	EndGlobalSection
EndGlobal
